// !$*UTF8*$!
{
	archiveVersion = 1;
	classes = {
	};
	objectVersion = 46;
	objects = {

/* Begin PBXBuildFile section */
		61C4793D19F0163300CF8549 /* main.m in Sources */ = {isa = PBXBuildFile; fileRef = 61C4793C19F0163300CF8549 /* main.m */; };
		61C4794019F0163300CF8549 /* AppDelegate.m in Sources */ = {isa = PBXBuildFile; fileRef = 61C4793F19F0163300CF8549 /* AppDelegate.m */; };
		61C4794319F0163300CF8549 /* ViewController.m in Sources */ = {isa = PBXBuildFile; fileRef = 61C4794219F0163300CF8549 /* ViewController.m */; };
		61C4794819F0163300CF8549 /* Images.xcassets in Resources */ = {isa = PBXBuildFile; fileRef = 61C4794719F0163300CF8549 /* Images.xcassets */; };
		61C4794B19F0163300CF8549 /* LaunchScreen.xib in Resources */ = {isa = PBXBuildFile; fileRef = 61C4794919F0163300CF8549 /* LaunchScreen.xib */; };
		61C4795719F0163300CF8549 /* MVVMDemoTests.m in Sources */ = {isa = PBXBuildFile; fileRef = 61C4795619F0163300CF8549 /* MVVMDemoTests.m */; };
		61C479A319F0167200CF8549 /* TableViewModel.m in Sources */ = {isa = PBXBuildFile; fileRef = 61C479A219F0167200CF8549 /* TableViewModel.m */; };
		61C479A719F0168E00CF8549 /* ViewController2.m in Sources */ = {isa = PBXBuildFile; fileRef = 61C479A519F0168E00CF8549 /* ViewController2.m */; };
		61C479A819F0168E00CF8549 /* ViewController2.xib in Resources */ = {isa = PBXBuildFile; fileRef = 61C479A619F0168E00CF8549 /* ViewController2.xib */; };
		61D6AD6C1AB5EF1300321DB9 /* GCAOPProxy.m in Sources */ = {isa = PBXBuildFile; fileRef = 61D6ACF31AB5EF1300321DB9 /* GCAOPProxy.m */; };
		61D6AD6D1AB5EF1300321DB9 /* NSObject+GCAccessor.m in Sources */ = {isa = PBXBuildFile; fileRef = 61D6ACF51AB5EF1300321DB9 /* NSObject+GCAccessor.m */; };
		61D6AD6E1AB5EF1300321DB9 /* NSObject+GCAOP.m in Sources */ = {isa = PBXBuildFile; fileRef = 61D6ACF71AB5EF1300321DB9 /* NSObject+GCAOP.m */; };
		61D6AD6F1AB5EF1300321DB9 /* NSObject+GCKVO.m in Sources */ = {isa = PBXBuildFile; fileRef = 61D6ACF91AB5EF1300321DB9 /* NSObject+GCKVO.m */; };
		61D6AD701AB5EF1300321DB9 /* NSObject+GCNotificationObserver.m in Sources */ = {isa = PBXBuildFile; fileRef = 61D6ACFB1AB5EF1300321DB9 /* NSObject+GCNotificationObserver.m */; };
		61D6AD711AB5EF1300321DB9 /* NSTimer+GCBlock.m in Sources */ = {isa = PBXBuildFile; fileRef = 61D6ACFD1AB5EF1300321DB9 /* NSTimer+GCBlock.m */; };
		61D6AD721AB5EF1300321DB9 /* GCImplementationProxy.m in Sources */ = {isa = PBXBuildFile; fileRef = 61D6AD031AB5EF1300321DB9 /* GCImplementationProxy.m */; };
		61D6AD731AB5EF1300321DB9 /* UICollectionViewDelegateAndDataSourceImplementationProxy.m in Sources */ = {isa = PBXBuildFile; fileRef = 61D6AD051AB5EF1300321DB9 /* UICollectionViewDelegateAndDataSourceImplementationProxy.m */; };
		61D6AD741AB5EF1300321DB9 /* UIGestureRecognizerDelegateImplementProxy.m in Sources */ = {isa = PBXBuildFile; fileRef = 61D6AD071AB5EF1300321DB9 /* UIGestureRecognizerDelegateImplementProxy.m */; };
		61D6AD751AB5EF1300321DB9 /* UIImagePickerControllerDelegateImplementationProxy.m in Sources */ = {isa = PBXBuildFile; fileRef = 61D6AD091AB5EF1300321DB9 /* UIImagePickerControllerDelegateImplementationProxy.m */; };
		61D6AD761AB5EF1300321DB9 /* UINavigationBarDelegateImpletationProxy.m in Sources */ = {isa = PBXBuildFile; fileRef = 61D6AD0B1AB5EF1300321DB9 /* UINavigationBarDelegateImpletationProxy.m */; };
		61D6AD771AB5EF1300321DB9 /* UINavigationControllerDelegateImplementionProxy.m in Sources */ = {isa = PBXBuildFile; fileRef = 61D6AD0D1AB5EF1300321DB9 /* UINavigationControllerDelegateImplementionProxy.m */; };
		61D6AD781AB5EF1300321DB9 /* UIPickerViewDelegateImplementationProxy.m in Sources */ = {isa = PBXBuildFile; fileRef = 61D6AD0F1AB5EF1300321DB9 /* UIPickerViewDelegateImplementationProxy.m */; };
		61D6AD791AB5EF1300321DB9 /* UIPopoverControllerImplementationProxy.m in Sources */ = {isa = PBXBuildFile; fileRef = 61D6AD111AB5EF1300321DB9 /* UIPopoverControllerImplementationProxy.m */; };
		61D6AD7A1AB5EF1300321DB9 /* UIScrollViewDelegateImplementationProxy.m in Sources */ = {isa = PBXBuildFile; fileRef = 61D6AD131AB5EF1300321DB9 /* UIScrollViewDelegateImplementationProxy.m */; };
		61D6AD7B1AB5EF1300321DB9 /* UISearchBarDelegateImplementationProxy.m in Sources */ = {isa = PBXBuildFile; fileRef = 61D6AD151AB5EF1300321DB9 /* UISearchBarDelegateImplementationProxy.m */; };
		61D6AD7C1AB5EF1300321DB9 /* UITabbarControllerDelegateImplementationProxy.m in Sources */ = {isa = PBXBuildFile; fileRef = 61D6AD171AB5EF1300321DB9 /* UITabbarControllerDelegateImplementationProxy.m */; };
		61D6AD7D1AB5EF1300321DB9 /* UITabbarDelegateImplementationProxy.m in Sources */ = {isa = PBXBuildFile; fileRef = 61D6AD191AB5EF1300321DB9 /* UITabbarDelegateImplementationProxy.m */; };
		61D6AD7E1AB5EF1300321DB9 /* UITableViewDelegateAndDataSourceImplementationProxy.m in Sources */ = {isa = PBXBuildFile; fileRef = 61D6AD1B1AB5EF1300321DB9 /* UITableViewDelegateAndDataSourceImplementationProxy.m */; };
		61D6AD7F1AB5EF1300321DB9 /* UITextFieldDelegateImplementationProxy.m in Sources */ = {isa = PBXBuildFile; fileRef = 61D6AD1D1AB5EF1300321DB9 /* UITextFieldDelegateImplementationProxy.m */; };
		61D6AD801AB5EF1300321DB9 /* UITextViewDelegateImplementationProxy.m in Sources */ = {isa = PBXBuildFile; fileRef = 61D6AD1F1AB5EF1300321DB9 /* UITextViewDelegateImplementationProxy.m */; };
		61D6AD811AB5EF1300321DB9 /* UIToolbarDelegateImplementationProxy.m in Sources */ = {isa = PBXBuildFile; fileRef = 61D6AD211AB5EF1300321DB9 /* UIToolbarDelegateImplementationProxy.m */; };
		61D6AD821AB5EF1300321DB9 /* UIWebViewDelegateImplementationProxy.m in Sources */ = {isa = PBXBuildFile; fileRef = 61D6AD231AB5EF1300321DB9 /* UIWebViewDelegateImplementationProxy.m */; };
		61D6AD831AB5EF1300321DB9 /* NSObject+GCProxyRegister.m in Sources */ = {isa = PBXBuildFile; fileRef = 61D6AD251AB5EF1300321DB9 /* NSObject+GCProxyRegister.m */; };
		61D6AD841AB5EF1300321DB9 /* UICollectionView+GCDelegateAndDataSourceBlock.m in Sources */ = {isa = PBXBuildFile; fileRef = 61D6AD271AB5EF1300321DB9 /* UICollectionView+GCDelegateAndDataSourceBlock.m */; };
		61D6AD851AB5EF1300321DB9 /* UIGestureRecognizer+GCDelegateBlock.m in Sources */ = {isa = PBXBuildFile; fileRef = 61D6AD2A1AB5EF1300321DB9 /* UIGestureRecognizer+GCDelegateBlock.m */; };
		61D6AD861AB5EF1300321DB9 /* UIImagePickerController+GCDelegateBlock.m in Sources */ = {isa = PBXBuildFile; fileRef = 61D6AD2C1AB5EF1300321DB9 /* UIImagePickerController+GCDelegateBlock.m */; };
		61D6AD871AB5EF1300321DB9 /* UINavigationBar+GCDelegateBlock.m in Sources */ = {isa = PBXBuildFile; fileRef = 61D6AD2E1AB5EF1300321DB9 /* UINavigationBar+GCDelegateBlock.m */; };
		61D6AD881AB5EF1300321DB9 /* UINavigationController+GCDelegateBlock.m in Sources */ = {isa = PBXBuildFile; fileRef = 61D6AD301AB5EF1300321DB9 /* UINavigationController+GCDelegateBlock.m */; };
		61D6AD891AB5EF1300321DB9 /* UIPickerView+GCDelegateAndDataSourceBlock.m in Sources */ = {isa = PBXBuildFile; fileRef = 61D6AD321AB5EF1300321DB9 /* UIPickerView+GCDelegateAndDataSourceBlock.m */; };
		61D6AD8A1AB5EF1300321DB9 /* UIPopoverController+GCDelegateBlock.m in Sources */ = {isa = PBXBuildFile; fileRef = 61D6AD341AB5EF1300321DB9 /* UIPopoverController+GCDelegateBlock.m */; };
		61D6AD8B1AB5EF1300321DB9 /* UIScrollView+GCDelegateBlock.m in Sources */ = {isa = PBXBuildFile; fileRef = 61D6AD361AB5EF1300321DB9 /* UIScrollView+GCDelegateBlock.m */; };
		61D6AD8C1AB5EF1300321DB9 /* UISearchBar+GCDelegateBlock.m in Sources */ = {isa = PBXBuildFile; fileRef = 61D6AD381AB5EF1300321DB9 /* UISearchBar+GCDelegateBlock.m */; };
		61D6AD8D1AB5EF1300321DB9 /* UITabBar+GCDelegateBlock.m in Sources */ = {isa = PBXBuildFile; fileRef = 61D6AD3A1AB5EF1300321DB9 /* UITabBar+GCDelegateBlock.m */; };
		61D6AD8E1AB5EF1300321DB9 /* UITabBarController+GCDelegateBlock.m in Sources */ = {isa = PBXBuildFile; fileRef = 61D6AD3C1AB5EF1300321DB9 /* UITabBarController+GCDelegateBlock.m */; };
		61D6AD8F1AB5EF1300321DB9 /* UITableView+GCDelegateAndDataSourceBlock.m in Sources */ = {isa = PBXBuildFile; fileRef = 61D6AD3E1AB5EF1300321DB9 /* UITableView+GCDelegateAndDataSourceBlock.m */; };
		61D6AD901AB5EF1300321DB9 /* UITextField+GCDelegateBlock.m in Sources */ = {isa = PBXBuildFile; fileRef = 61D6AD401AB5EF1300321DB9 /* UITextField+GCDelegateBlock.m */; };
		61D6AD911AB5EF1300321DB9 /* UITextView+GCDelegateBlock.m in Sources */ = {isa = PBXBuildFile; fileRef = 61D6AD421AB5EF1300321DB9 /* UITextView+GCDelegateBlock.m */; };
		61D6AD921AB5EF1300321DB9 /* UIToolbar+GCDelegateBlock.m in Sources */ = {isa = PBXBuildFile; fileRef = 61D6AD441AB5EF1300321DB9 /* UIToolbar+GCDelegateBlock.m */; };
		61D6AD931AB5EF1300321DB9 /* UIWebView+GCDelegateBlock.m in Sources */ = {isa = PBXBuildFile; fileRef = 61D6AD461AB5EF1300321DB9 /* UIWebView+GCDelegateBlock.m */; };
		61D6AD941AB5EF1300321DB9 /* UICollectionView+GCDelegateAndDataSource.m in Sources */ = {isa = PBXBuildFile; fileRef = 61D6AD481AB5EF1300321DB9 /* UICollectionView+GCDelegateAndDataSource.m */; };
		61D6AD951AB5EF1300321DB9 /* UIControl+GCEvent.m in Sources */ = {isa = PBXBuildFile; fileRef = 61D6AD4A1AB5EF1300321DB9 /* UIControl+GCEvent.m */; };
		61D6AD961AB5EF1300321DB9 /* UIGestureRecognizer+GCAction.m in Sources */ = {isa = PBXBuildFile; fileRef = 61D6AD4D1AB5EF1300321DB9 /* UIGestureRecognizer+GCAction.m */; };
		61D6AD971AB5EF1300321DB9 /* UIGestureRecognizer+GCDelegate.m in Sources */ = {isa = PBXBuildFile; fileRef = 61D6AD4F1AB5EF1300321DB9 /* UIGestureRecognizer+GCDelegate.m */; };
		61D6AD981AB5EF1300321DB9 /* UIImagePickerController+GCDelegate.m in Sources */ = {isa = PBXBuildFile; fileRef = 61D6AD511AB5EF1300321DB9 /* UIImagePickerController+GCDelegate.m */; };
		61D6AD991AB5EF1300321DB9 /* UINavigationBar+GCDelegate.m in Sources */ = {isa = PBXBuildFile; fileRef = 61D6AD531AB5EF1300321DB9 /* UINavigationBar+GCDelegate.m */; };
		61D6AD9A1AB5EF1300321DB9 /* UINavigationController+GCDelegate.m in Sources */ = {isa = PBXBuildFile; fileRef = 61D6AD551AB5EF1300321DB9 /* UINavigationController+GCDelegate.m */; };
		61D6AD9B1AB5EF1300321DB9 /* UIPickerView+GCDelegateAndDataSource.m in Sources */ = {isa = PBXBuildFile; fileRef = 61D6AD571AB5EF1300321DB9 /* UIPickerView+GCDelegateAndDataSource.m */; };
		61D6AD9C1AB5EF1300321DB9 /* UIPopoverController+GCDelegate.m in Sources */ = {isa = PBXBuildFile; fileRef = 61D6AD591AB5EF1300321DB9 /* UIPopoverController+GCDelegate.m */; };
		61D6AD9D1AB5EF1300321DB9 /* UIScrollView+GCDelegate.m in Sources */ = {isa = PBXBuildFile; fileRef = 61D6AD5B1AB5EF1300321DB9 /* UIScrollView+GCDelegate.m */; };
		61D6AD9E1AB5EF1300321DB9 /* UISearchBar+GCDelegate.m in Sources */ = {isa = PBXBuildFile; fileRef = 61D6AD5D1AB5EF1300321DB9 /* UISearchBar+GCDelegate.m */; };
		61D6AD9F1AB5EF1300321DB9 /* UITabBar+GCDelegate.m in Sources */ = {isa = PBXBuildFile; fileRef = 61D6AD5F1AB5EF1300321DB9 /* UITabBar+GCDelegate.m */; };
		61D6ADA01AB5EF1300321DB9 /* UITabBarController+GCDelegate.m in Sources */ = {isa = PBXBuildFile; fileRef = 61D6AD611AB5EF1300321DB9 /* UITabBarController+GCDelegate.m */; };
		61D6ADA11AB5EF1300321DB9 /* UITableView+GCDelegateAndDataSource.m in Sources */ = {isa = PBXBuildFile; fileRef = 61D6AD631AB5EF1300321DB9 /* UITableView+GCDelegateAndDataSource.m */; };
		61D6ADA21AB5EF1300321DB9 /* UITextField+GCDelegate.m in Sources */ = {isa = PBXBuildFile; fileRef = 61D6AD651AB5EF1300321DB9 /* UITextField+GCDelegate.m */; };
		61D6ADA31AB5EF1300321DB9 /* UITextView+GCDelegate.m in Sources */ = {isa = PBXBuildFile; fileRef = 61D6AD671AB5EF1300321DB9 /* UITextView+GCDelegate.m */; };
		61D6ADA41AB5EF1300321DB9 /* UIToolbar+GCDelegate.m in Sources */ = {isa = PBXBuildFile; fileRef = 61D6AD691AB5EF1300321DB9 /* UIToolbar+GCDelegate.m */; };
		61D6ADA51AB5EF1300321DB9 /* UIWebView+GCDelegate.m in Sources */ = {isa = PBXBuildFile; fileRef = 61D6AD6B1AB5EF1300321DB9 /* UIWebView+GCDelegate.m */; };
/* End PBXBuildFile section */

/* Begin PBXContainerItemProxy section */
		61C4795119F0163300CF8549 /* PBXContainerItemProxy */ = {
			isa = PBXContainerItemProxy;
			containerPortal = 61C4792F19F0163300CF8549 /* Project object */;
			proxyType = 1;
			remoteGlobalIDString = 61C4793619F0163300CF8549;
			remoteInfo = MVVMDemo;
		};
/* End PBXContainerItemProxy section */

/* Begin PBXFileReference section */
		61C4793719F0163300CF8549 /* MVVMDemo.app */ = {isa = PBXFileReference; explicitFileType = wrapper.application; includeInIndex = 0; path = MVVMDemo.app; sourceTree = BUILT_PRODUCTS_DIR; };
		61C4793B19F0163300CF8549 /* Info.plist */ = {isa = PBXFileReference; lastKnownFileType = text.plist.xml; path = Info.plist; sourceTree = "<group>"; };
		61C4793C19F0163300CF8549 /* main.m */ = {isa = PBXFileReference; lastKnownFileType = sourcecode.c.objc; path = main.m; sourceTree = "<group>"; };
		61C4793E19F0163300CF8549 /* AppDelegate.h */ = {isa = PBXFileReference; lastKnownFileType = sourcecode.c.h; path = AppDelegate.h; sourceTree = "<group>"; };
		61C4793F19F0163300CF8549 /* AppDelegate.m */ = {isa = PBXFileReference; lastKnownFileType = sourcecode.c.objc; path = AppDelegate.m; sourceTree = "<group>"; };
		61C4794119F0163300CF8549 /* ViewController.h */ = {isa = PBXFileReference; lastKnownFileType = sourcecode.c.h; path = ViewController.h; sourceTree = "<group>"; };
		61C4794219F0163300CF8549 /* ViewController.m */ = {isa = PBXFileReference; lastKnownFileType = sourcecode.c.objc; path = ViewController.m; sourceTree = "<group>"; };
		61C4794719F0163300CF8549 /* Images.xcassets */ = {isa = PBXFileReference; lastKnownFileType = folder.assetcatalog; path = Images.xcassets; sourceTree = "<group>"; };
		61C4794A19F0163300CF8549 /* Base */ = {isa = PBXFileReference; lastKnownFileType = file.xib; name = Base; path = Base.lproj/LaunchScreen.xib; sourceTree = "<group>"; };
		61C4795019F0163300CF8549 /* MVVMDemoTests.xctest */ = {isa = PBXFileReference; explicitFileType = wrapper.cfbundle; includeInIndex = 0; path = MVVMDemoTests.xctest; sourceTree = BUILT_PRODUCTS_DIR; };
		61C4795519F0163300CF8549 /* Info.plist */ = {isa = PBXFileReference; lastKnownFileType = text.plist.xml; path = Info.plist; sourceTree = "<group>"; };
		61C4795619F0163300CF8549 /* MVVMDemoTests.m */ = {isa = PBXFileReference; lastKnownFileType = sourcecode.c.objc; path = MVVMDemoTests.m; sourceTree = "<group>"; };
		61C479A119F0167200CF8549 /* TableViewModel.h */ = {isa = PBXFileReference; fileEncoding = 4; lastKnownFileType = sourcecode.c.h; path = TableViewModel.h; sourceTree = "<group>"; };
		61C479A219F0167200CF8549 /* TableViewModel.m */ = {isa = PBXFileReference; fileEncoding = 4; lastKnownFileType = sourcecode.c.objc; path = TableViewModel.m; sourceTree = "<group>"; };
		61C479A419F0168E00CF8549 /* ViewController2.h */ = {isa = PBXFileReference; fileEncoding = 4; lastKnownFileType = sourcecode.c.h; path = ViewController2.h; sourceTree = "<group>"; };
		61C479A519F0168E00CF8549 /* ViewController2.m */ = {isa = PBXFileReference; fileEncoding = 4; lastKnownFileType = sourcecode.c.objc; path = ViewController2.m; sourceTree = "<group>"; };
		61C479A619F0168E00CF8549 /* ViewController2.xib */ = {isa = PBXFileReference; fileEncoding = 4; lastKnownFileType = file.xib; path = ViewController2.xib; sourceTree = "<group>"; };
		61D6ACEF1AB5EF1300321DB9 /* GCExtension.h */ = {isa = PBXFileReference; fileEncoding = 4; lastKnownFileType = sourcecode.c.h; path = GCExtension.h; sourceTree = "<group>"; };
		61D6ACF01AB5EF1300321DB9 /* GCMacro.h */ = {isa = PBXFileReference; fileEncoding = 4; lastKnownFileType = sourcecode.c.h; path = GCMacro.h; sourceTree = "<group>"; };
		61D6ACF21AB5EF1300321DB9 /* GCAOPProxy.h */ = {isa = PBXFileReference; fileEncoding = 4; lastKnownFileType = sourcecode.c.h; path = GCAOPProxy.h; sourceTree = "<group>"; };
		61D6ACF31AB5EF1300321DB9 /* GCAOPProxy.m */ = {isa = PBXFileReference; fileEncoding = 4; lastKnownFileType = sourcecode.c.objc; path = GCAOPProxy.m; sourceTree = "<group>"; };
		61D6ACF41AB5EF1300321DB9 /* NSObject+GCAccessor.h */ = {isa = PBXFileReference; fileEncoding = 4; lastKnownFileType = sourcecode.c.h; path = "NSObject+GCAccessor.h"; sourceTree = "<group>"; };
		61D6ACF51AB5EF1300321DB9 /* NSObject+GCAccessor.m */ = {isa = PBXFileReference; fileEncoding = 4; lastKnownFileType = sourcecode.c.objc; path = "NSObject+GCAccessor.m"; sourceTree = "<group>"; };
		61D6ACF61AB5EF1300321DB9 /* NSObject+GCAOP.h */ = {isa = PBXFileReference; fileEncoding = 4; lastKnownFileType = sourcecode.c.h; path = "NSObject+GCAOP.h"; sourceTree = "<group>"; };
		61D6ACF71AB5EF1300321DB9 /* NSObject+GCAOP.m */ = {isa = PBXFileReference; fileEncoding = 4; lastKnownFileType = sourcecode.c.objc; path = "NSObject+GCAOP.m"; sourceTree = "<group>"; };
		61D6ACF81AB5EF1300321DB9 /* NSObject+GCKVO.h */ = {isa = PBXFileReference; fileEncoding = 4; lastKnownFileType = sourcecode.c.h; path = "NSObject+GCKVO.h"; sourceTree = "<group>"; };
		61D6ACF91AB5EF1300321DB9 /* NSObject+GCKVO.m */ = {isa = PBXFileReference; fileEncoding = 4; lastKnownFileType = sourcecode.c.objc; path = "NSObject+GCKVO.m"; sourceTree = "<group>"; };
		61D6ACFA1AB5EF1300321DB9 /* NSObject+GCNotificationObserver.h */ = {isa = PBXFileReference; fileEncoding = 4; lastKnownFileType = sourcecode.c.h; path = "NSObject+GCNotificationObserver.h"; sourceTree = "<group>"; };
		61D6ACFB1AB5EF1300321DB9 /* NSObject+GCNotificationObserver.m */ = {isa = PBXFileReference; fileEncoding = 4; lastKnownFileType = sourcecode.c.objc; path = "NSObject+GCNotificationObserver.m"; sourceTree = "<group>"; };
		61D6ACFC1AB5EF1300321DB9 /* NSTimer+GCBlock.h */ = {isa = PBXFileReference; fileEncoding = 4; lastKnownFileType = sourcecode.c.h; path = "NSTimer+GCBlock.h"; sourceTree = "<group>"; };
		61D6ACFD1AB5EF1300321DB9 /* NSTimer+GCBlock.m */ = {isa = PBXFileReference; fileEncoding = 4; lastKnownFileType = sourcecode.c.objc; path = "NSTimer+GCBlock.m"; sourceTree = "<group>"; };
		61D6ACFE1AB5EF1300321DB9 /* ObjectExtensionKit.h */ = {isa = PBXFileReference; fileEncoding = 4; lastKnownFileType = sourcecode.c.h; path = ObjectExtensionKit.h; sourceTree = "<group>"; };
		61D6AD021AB5EF1300321DB9 /* GCImplementationProxy.h */ = {isa = PBXFileReference; fileEncoding = 4; lastKnownFileType = sourcecode.c.h; path = GCImplementationProxy.h; sourceTree = "<group>"; };
		61D6AD031AB5EF1300321DB9 /* GCImplementationProxy.m */ = {isa = PBXFileReference; fileEncoding = 4; lastKnownFileType = sourcecode.c.objc; path = GCImplementationProxy.m; sourceTree = "<group>"; };
		61D6AD041AB5EF1300321DB9 /* UICollectionViewDelegateAndDataSourceImplementationProxy.h */ = {isa = PBXFileReference; fileEncoding = 4; lastKnownFileType = sourcecode.c.h; path = UICollectionViewDelegateAndDataSourceImplementationProxy.h; sourceTree = "<group>"; };
		61D6AD051AB5EF1300321DB9 /* UICollectionViewDelegateAndDataSourceImplementationProxy.m */ = {isa = PBXFileReference; fileEncoding = 4; lastKnownFileType = sourcecode.c.objc; path = UICollectionViewDelegateAndDataSourceImplementationProxy.m; sourceTree = "<group>"; };
		61D6AD061AB5EF1300321DB9 /* UIGestureRecognizerDelegateImplementProxy.h */ = {isa = PBXFileReference; fileEncoding = 4; lastKnownFileType = sourcecode.c.h; path = UIGestureRecognizerDelegateImplementProxy.h; sourceTree = "<group>"; };
		61D6AD071AB5EF1300321DB9 /* UIGestureRecognizerDelegateImplementProxy.m */ = {isa = PBXFileReference; fileEncoding = 4; lastKnownFileType = sourcecode.c.objc; path = UIGestureRecognizerDelegateImplementProxy.m; sourceTree = "<group>"; };
		61D6AD081AB5EF1300321DB9 /* UIImagePickerControllerDelegateImplementationProxy.h */ = {isa = PBXFileReference; fileEncoding = 4; lastKnownFileType = sourcecode.c.h; path = UIImagePickerControllerDelegateImplementationProxy.h; sourceTree = "<group>"; };
		61D6AD091AB5EF1300321DB9 /* UIImagePickerControllerDelegateImplementationProxy.m */ = {isa = PBXFileReference; fileEncoding = 4; lastKnownFileType = sourcecode.c.objc; path = UIImagePickerControllerDelegateImplementationProxy.m; sourceTree = "<group>"; };
		61D6AD0A1AB5EF1300321DB9 /* UINavigationBarDelegateImpletationProxy.h */ = {isa = PBXFileReference; fileEncoding = 4; lastKnownFileType = sourcecode.c.h; path = UINavigationBarDelegateImpletationProxy.h; sourceTree = "<group>"; };
		61D6AD0B1AB5EF1300321DB9 /* UINavigationBarDelegateImpletationProxy.m */ = {isa = PBXFileReference; fileEncoding = 4; lastKnownFileType = sourcecode.c.objc; path = UINavigationBarDelegateImpletationProxy.m; sourceTree = "<group>"; };
		61D6AD0C1AB5EF1300321DB9 /* UINavigationControllerDelegateImplementionProxy.h */ = {isa = PBXFileReference; fileEncoding = 4; lastKnownFileType = sourcecode.c.h; path = UINavigationControllerDelegateImplementionProxy.h; sourceTree = "<group>"; };
		61D6AD0D1AB5EF1300321DB9 /* UINavigationControllerDelegateImplementionProxy.m */ = {isa = PBXFileReference; fileEncoding = 4; lastKnownFileType = sourcecode.c.objc; path = UINavigationControllerDelegateImplementionProxy.m; sourceTree = "<group>"; };
		61D6AD0E1AB5EF1300321DB9 /* UIPickerViewDelegateImplementationProxy.h */ = {isa = PBXFileReference; fileEncoding = 4; lastKnownFileType = sourcecode.c.h; path = UIPickerViewDelegateImplementationProxy.h; sourceTree = "<group>"; };
		61D6AD0F1AB5EF1300321DB9 /* UIPickerViewDelegateImplementationProxy.m */ = {isa = PBXFileReference; fileEncoding = 4; lastKnownFileType = sourcecode.c.objc; path = UIPickerViewDelegateImplementationProxy.m; sourceTree = "<group>"; };
		61D6AD101AB5EF1300321DB9 /* UIPopoverControllerImplementationProxy.h */ = {isa = PBXFileReference; fileEncoding = 4; lastKnownFileType = sourcecode.c.h; path = UIPopoverControllerImplementationProxy.h; sourceTree = "<group>"; };
		61D6AD111AB5EF1300321DB9 /* UIPopoverControllerImplementationProxy.m */ = {isa = PBXFileReference; fileEncoding = 4; lastKnownFileType = sourcecode.c.objc; path = UIPopoverControllerImplementationProxy.m; sourceTree = "<group>"; };
		61D6AD121AB5EF1300321DB9 /* UIScrollViewDelegateImplementationProxy.h */ = {isa = PBXFileReference; fileEncoding = 4; lastKnownFileType = sourcecode.c.h; path = UIScrollViewDelegateImplementationProxy.h; sourceTree = "<group>"; };
		61D6AD131AB5EF1300321DB9 /* UIScrollViewDelegateImplementationProxy.m */ = {isa = PBXFileReference; fileEncoding = 4; lastKnownFileType = sourcecode.c.objc; path = UIScrollViewDelegateImplementationProxy.m; sourceTree = "<group>"; };
		61D6AD141AB5EF1300321DB9 /* UISearchBarDelegateImplementationProxy.h */ = {isa = PBXFileReference; fileEncoding = 4; lastKnownFileType = sourcecode.c.h; path = UISearchBarDelegateImplementationProxy.h; sourceTree = "<group>"; };
		61D6AD151AB5EF1300321DB9 /* UISearchBarDelegateImplementationProxy.m */ = {isa = PBXFileReference; fileEncoding = 4; lastKnownFileType = sourcecode.c.objc; path = UISearchBarDelegateImplementationProxy.m; sourceTree = "<group>"; };
		61D6AD161AB5EF1300321DB9 /* UITabbarControllerDelegateImplementationProxy.h */ = {isa = PBXFileReference; fileEncoding = 4; lastKnownFileType = sourcecode.c.h; path = UITabbarControllerDelegateImplementationProxy.h; sourceTree = "<group>"; };
		61D6AD171AB5EF1300321DB9 /* UITabbarControllerDelegateImplementationProxy.m */ = {isa = PBXFileReference; fileEncoding = 4; lastKnownFileType = sourcecode.c.objc; path = UITabbarControllerDelegateImplementationProxy.m; sourceTree = "<group>"; };
		61D6AD181AB5EF1300321DB9 /* UITabbarDelegateImplementationProxy.h */ = {isa = PBXFileReference; fileEncoding = 4; lastKnownFileType = sourcecode.c.h; path = UITabbarDelegateImplementationProxy.h; sourceTree = "<group>"; };
		61D6AD191AB5EF1300321DB9 /* UITabbarDelegateImplementationProxy.m */ = {isa = PBXFileReference; fileEncoding = 4; lastKnownFileType = sourcecode.c.objc; path = UITabbarDelegateImplementationProxy.m; sourceTree = "<group>"; };
		61D6AD1A1AB5EF1300321DB9 /* UITableViewDelegateAndDataSourceImplementationProxy.h */ = {isa = PBXFileReference; fileEncoding = 4; lastKnownFileType = sourcecode.c.h; path = UITableViewDelegateAndDataSourceImplementationProxy.h; sourceTree = "<group>"; };
		61D6AD1B1AB5EF1300321DB9 /* UITableViewDelegateAndDataSourceImplementationProxy.m */ = {isa = PBXFileReference; fileEncoding = 4; lastKnownFileType = sourcecode.c.objc; path = UITableViewDelegateAndDataSourceImplementationProxy.m; sourceTree = "<group>"; };
		61D6AD1C1AB5EF1300321DB9 /* UITextFieldDelegateImplementationProxy.h */ = {isa = PBXFileReference; fileEncoding = 4; lastKnownFileType = sourcecode.c.h; path = UITextFieldDelegateImplementationProxy.h; sourceTree = "<group>"; };
		61D6AD1D1AB5EF1300321DB9 /* UITextFieldDelegateImplementationProxy.m */ = {isa = PBXFileReference; fileEncoding = 4; lastKnownFileType = sourcecode.c.objc; path = UITextFieldDelegateImplementationProxy.m; sourceTree = "<group>"; };
		61D6AD1E1AB5EF1300321DB9 /* UITextViewDelegateImplementationProxy.h */ = {isa = PBXFileReference; fileEncoding = 4; lastKnownFileType = sourcecode.c.h; path = UITextViewDelegateImplementationProxy.h; sourceTree = "<group>"; };
		61D6AD1F1AB5EF1300321DB9 /* UITextViewDelegateImplementationProxy.m */ = {isa = PBXFileReference; fileEncoding = 4; lastKnownFileType = sourcecode.c.objc; path = UITextViewDelegateImplementationProxy.m; sourceTree = "<group>"; };
		61D6AD201AB5EF1300321DB9 /* UIToolbarDelegateImplementationProxy.h */ = {isa = PBXFileReference; fileEncoding = 4; lastKnownFileType = sourcecode.c.h; path = UIToolbarDelegateImplementationProxy.h; sourceTree = "<group>"; };
		61D6AD211AB5EF1300321DB9 /* UIToolbarDelegateImplementationProxy.m */ = {isa = PBXFileReference; fileEncoding = 4; lastKnownFileType = sourcecode.c.objc; path = UIToolbarDelegateImplementationProxy.m; sourceTree = "<group>"; };
		61D6AD221AB5EF1300321DB9 /* UIWebViewDelegateImplementationProxy.h */ = {isa = PBXFileReference; fileEncoding = 4; lastKnownFileType = sourcecode.c.h; path = UIWebViewDelegateImplementationProxy.h; sourceTree = "<group>"; };
		61D6AD231AB5EF1300321DB9 /* UIWebViewDelegateImplementationProxy.m */ = {isa = PBXFileReference; fileEncoding = 4; lastKnownFileType = sourcecode.c.objc; path = UIWebViewDelegateImplementationProxy.m; sourceTree = "<group>"; };
		61D6AD241AB5EF1300321DB9 /* NSObject+GCProxyRegister.h */ = {isa = PBXFileReference; fileEncoding = 4; lastKnownFileType = sourcecode.c.h; path = "NSObject+GCProxyRegister.h"; sourceTree = "<group>"; };
		61D6AD251AB5EF1300321DB9 /* NSObject+GCProxyRegister.m */ = {isa = PBXFileReference; fileEncoding = 4; lastKnownFileType = sourcecode.c.objc; path = "NSObject+GCProxyRegister.m"; sourceTree = "<group>"; };
		61D6AD261AB5EF1300321DB9 /* UICollectionView+GCDelegateAndDataSourceBlock.h */ = {isa = PBXFileReference; fileEncoding = 4; lastKnownFileType = sourcecode.c.h; path = "UICollectionView+GCDelegateAndDataSourceBlock.h"; sourceTree = "<group>"; };
		61D6AD271AB5EF1300321DB9 /* UICollectionView+GCDelegateAndDataSourceBlock.m */ = {isa = PBXFileReference; fileEncoding = 4; lastKnownFileType = sourcecode.c.objc; path = "UICollectionView+GCDelegateAndDataSourceBlock.m"; sourceTree = "<group>"; };
		61D6AD281AB5EF1300321DB9 /* UIExtension_Private.h */ = {isa = PBXFileReference; fileEncoding = 4; lastKnownFileType = sourcecode.c.h; path = UIExtension_Private.h; sourceTree = "<group>"; };
		61D6AD291AB5EF1300321DB9 /* UIGestureRecognizer+GCDelegateBlock.h */ = {isa = PBXFileReference; fileEncoding = 4; lastKnownFileType = sourcecode.c.h; path = "UIGestureRecognizer+GCDelegateBlock.h"; sourceTree = "<group>"; };
		61D6AD2A1AB5EF1300321DB9 /* UIGestureRecognizer+GCDelegateBlock.m */ = {isa = PBXFileReference; fileEncoding = 4; lastKnownFileType = sourcecode.c.objc; path = "UIGestureRecognizer+GCDelegateBlock.m"; sourceTree = "<group>"; };
		61D6AD2B1AB5EF1300321DB9 /* UIImagePickerController+GCDelegateBlock.h */ = {isa = PBXFileReference; fileEncoding = 4; lastKnownFileType = sourcecode.c.h; path = "UIImagePickerController+GCDelegateBlock.h"; sourceTree = "<group>"; };
		61D6AD2C1AB5EF1300321DB9 /* UIImagePickerController+GCDelegateBlock.m */ = {isa = PBXFileReference; fileEncoding = 4; lastKnownFileType = sourcecode.c.objc; path = "UIImagePickerController+GCDelegateBlock.m"; sourceTree = "<group>"; };
		61D6AD2D1AB5EF1300321DB9 /* UINavigationBar+GCDelegateBlock.h */ = {isa = PBXFileReference; fileEncoding = 4; lastKnownFileType = sourcecode.c.h; path = "UINavigationBar+GCDelegateBlock.h"; sourceTree = "<group>"; };
		61D6AD2E1AB5EF1300321DB9 /* UINavigationBar+GCDelegateBlock.m */ = {isa = PBXFileReference; fileEncoding = 4; lastKnownFileType = sourcecode.c.objc; path = "UINavigationBar+GCDelegateBlock.m"; sourceTree = "<group>"; };
		61D6AD2F1AB5EF1300321DB9 /* UINavigationController+GCDelegateBlock.h */ = {isa = PBXFileReference; fileEncoding = 4; lastKnownFileType = sourcecode.c.h; path = "UINavigationController+GCDelegateBlock.h"; sourceTree = "<group>"; };
		61D6AD301AB5EF1300321DB9 /* UINavigationController+GCDelegateBlock.m */ = {isa = PBXFileReference; fileEncoding = 4; lastKnownFileType = sourcecode.c.objc; path = "UINavigationController+GCDelegateBlock.m"; sourceTree = "<group>"; };
		61D6AD311AB5EF1300321DB9 /* UIPickerView+GCDelegateAndDataSourceBlock.h */ = {isa = PBXFileReference; fileEncoding = 4; lastKnownFileType = sourcecode.c.h; path = "UIPickerView+GCDelegateAndDataSourceBlock.h"; sourceTree = "<group>"; };
		61D6AD321AB5EF1300321DB9 /* UIPickerView+GCDelegateAndDataSourceBlock.m */ = {isa = PBXFileReference; fileEncoding = 4; lastKnownFileType = sourcecode.c.objc; path = "UIPickerView+GCDelegateAndDataSourceBlock.m"; sourceTree = "<group>"; };
		61D6AD331AB5EF1300321DB9 /* UIPopoverController+GCDelegateBlock.h */ = {isa = PBXFileReference; fileEncoding = 4; lastKnownFileType = sourcecode.c.h; path = "UIPopoverController+GCDelegateBlock.h"; sourceTree = "<group>"; };
		61D6AD341AB5EF1300321DB9 /* UIPopoverController+GCDelegateBlock.m */ = {isa = PBXFileReference; fileEncoding = 4; lastKnownFileType = sourcecode.c.objc; path = "UIPopoverController+GCDelegateBlock.m"; sourceTree = "<group>"; };
		61D6AD351AB5EF1300321DB9 /* UIScrollView+GCDelegateBlock.h */ = {isa = PBXFileReference; fileEncoding = 4; lastKnownFileType = sourcecode.c.h; path = "UIScrollView+GCDelegateBlock.h"; sourceTree = "<group>"; };
		61D6AD361AB5EF1300321DB9 /* UIScrollView+GCDelegateBlock.m */ = {isa = PBXFileReference; fileEncoding = 4; lastKnownFileType = sourcecode.c.objc; path = "UIScrollView+GCDelegateBlock.m"; sourceTree = "<group>"; };
		61D6AD371AB5EF1300321DB9 /* UISearchBar+GCDelegateBlock.h */ = {isa = PBXFileReference; fileEncoding = 4; lastKnownFileType = sourcecode.c.h; path = "UISearchBar+GCDelegateBlock.h"; sourceTree = "<group>"; };
		61D6AD381AB5EF1300321DB9 /* UISearchBar+GCDelegateBlock.m */ = {isa = PBXFileReference; fileEncoding = 4; lastKnownFileType = sourcecode.c.objc; path = "UISearchBar+GCDelegateBlock.m"; sourceTree = "<group>"; };
		61D6AD391AB5EF1300321DB9 /* UITabBar+GCDelegateBlock.h */ = {isa = PBXFileReference; fileEncoding = 4; lastKnownFileType = sourcecode.c.h; path = "UITabBar+GCDelegateBlock.h"; sourceTree = "<group>"; };
		61D6AD3A1AB5EF1300321DB9 /* UITabBar+GCDelegateBlock.m */ = {isa = PBXFileReference; fileEncoding = 4; lastKnownFileType = sourcecode.c.objc; path = "UITabBar+GCDelegateBlock.m"; sourceTree = "<group>"; };
		61D6AD3B1AB5EF1300321DB9 /* UITabBarController+GCDelegateBlock.h */ = {isa = PBXFileReference; fileEncoding = 4; lastKnownFileType = sourcecode.c.h; path = "UITabBarController+GCDelegateBlock.h"; sourceTree = "<group>"; };
		61D6AD3C1AB5EF1300321DB9 /* UITabBarController+GCDelegateBlock.m */ = {isa = PBXFileReference; fileEncoding = 4; lastKnownFileType = sourcecode.c.objc; path = "UITabBarController+GCDelegateBlock.m"; sourceTree = "<group>"; };
		61D6AD3D1AB5EF1300321DB9 /* UITableView+GCDelegateAndDataSourceBlock.h */ = {isa = PBXFileReference; fileEncoding = 4; lastKnownFileType = sourcecode.c.h; path = "UITableView+GCDelegateAndDataSourceBlock.h"; sourceTree = "<group>"; };
		61D6AD3E1AB5EF1300321DB9 /* UITableView+GCDelegateAndDataSourceBlock.m */ = {isa = PBXFileReference; fileEncoding = 4; lastKnownFileType = sourcecode.c.objc; path = "UITableView+GCDelegateAndDataSourceBlock.m"; sourceTree = "<group>"; };
		61D6AD3F1AB5EF1300321DB9 /* UITextField+GCDelegateBlock.h */ = {isa = PBXFileReference; fileEncoding = 4; lastKnownFileType = sourcecode.c.h; path = "UITextField+GCDelegateBlock.h"; sourceTree = "<group>"; };
		61D6AD401AB5EF1300321DB9 /* UITextField+GCDelegateBlock.m */ = {isa = PBXFileReference; fileEncoding = 4; lastKnownFileType = sourcecode.c.objc; path = "UITextField+GCDelegateBlock.m"; sourceTree = "<group>"; };
		61D6AD411AB5EF1300321DB9 /* UITextView+GCDelegateBlock.h */ = {isa = PBXFileReference; fileEncoding = 4; lastKnownFileType = sourcecode.c.h; path = "UITextView+GCDelegateBlock.h"; sourceTree = "<group>"; };
		61D6AD421AB5EF1300321DB9 /* UITextView+GCDelegateBlock.m */ = {isa = PBXFileReference; fileEncoding = 4; lastKnownFileType = sourcecode.c.objc; path = "UITextView+GCDelegateBlock.m"; sourceTree = "<group>"; };
		61D6AD431AB5EF1300321DB9 /* UIToolbar+GCDelegateBlock.h */ = {isa = PBXFileReference; fileEncoding = 4; lastKnownFileType = sourcecode.c.h; path = "UIToolbar+GCDelegateBlock.h"; sourceTree = "<group>"; };
		61D6AD441AB5EF1300321DB9 /* UIToolbar+GCDelegateBlock.m */ = {isa = PBXFileReference; fileEncoding = 4; lastKnownFileType = sourcecode.c.objc; path = "UIToolbar+GCDelegateBlock.m"; sourceTree = "<group>"; };
		61D6AD451AB5EF1300321DB9 /* UIWebView+GCDelegateBlock.h */ = {isa = PBXFileReference; fileEncoding = 4; lastKnownFileType = sourcecode.c.h; path = "UIWebView+GCDelegateBlock.h"; sourceTree = "<group>"; };
		61D6AD461AB5EF1300321DB9 /* UIWebView+GCDelegateBlock.m */ = {isa = PBXFileReference; fileEncoding = 4; lastKnownFileType = sourcecode.c.objc; path = "UIWebView+GCDelegateBlock.m"; sourceTree = "<group>"; };
		61D6AD471AB5EF1300321DB9 /* UICollectionView+GCDelegateAndDataSource.h */ = {isa = PBXFileReference; fileEncoding = 4; lastKnownFileType = sourcecode.c.h; path = "UICollectionView+GCDelegateAndDataSource.h"; sourceTree = "<group>"; };
		61D6AD481AB5EF1300321DB9 /* UICollectionView+GCDelegateAndDataSource.m */ = {isa = PBXFileReference; fileEncoding = 4; lastKnownFileType = sourcecode.c.objc; path = "UICollectionView+GCDelegateAndDataSource.m"; sourceTree = "<group>"; };
		61D6AD491AB5EF1300321DB9 /* UIControl+GCEvent.h */ = {isa = PBXFileReference; fileEncoding = 4; lastKnownFileType = sourcecode.c.h; path = "UIControl+GCEvent.h"; sourceTree = "<group>"; };
		61D6AD4A1AB5EF1300321DB9 /* UIControl+GCEvent.m */ = {isa = PBXFileReference; fileEncoding = 4; lastKnownFileType = sourcecode.c.objc; path = "UIControl+GCEvent.m"; sourceTree = "<group>"; };
		61D6AD4B1AB5EF1300321DB9 /* UIExtensionKit.h */ = {isa = PBXFileReference; fileEncoding = 4; lastKnownFileType = sourcecode.c.h; path = UIExtensionKit.h; sourceTree = "<group>"; };
		61D6AD4C1AB5EF1300321DB9 /* UIGestureRecognizer+GCAction.h */ = {isa = PBXFileReference; fileEncoding = 4; lastKnownFileType = sourcecode.c.h; path = "UIGestureRecognizer+GCAction.h"; sourceTree = "<group>"; };
		61D6AD4D1AB5EF1300321DB9 /* UIGestureRecognizer+GCAction.m */ = {isa = PBXFileReference; fileEncoding = 4; lastKnownFileType = sourcecode.c.objc; path = "UIGestureRecognizer+GCAction.m"; sourceTree = "<group>"; };
		61D6AD4E1AB5EF1300321DB9 /* UIGestureRecognizer+GCDelegate.h */ = {isa = PBXFileReference; fileEncoding = 4; lastKnownFileType = sourcecode.c.h; path = "UIGestureRecognizer+GCDelegate.h"; sourceTree = "<group>"; };
		61D6AD4F1AB5EF1300321DB9 /* UIGestureRecognizer+GCDelegate.m */ = {isa = PBXFileReference; fileEncoding = 4; lastKnownFileType = sourcecode.c.objc; path = "UIGestureRecognizer+GCDelegate.m"; sourceTree = "<group>"; };
		61D6AD501AB5EF1300321DB9 /* UIImagePickerController+GCDelegate.h */ = {isa = PBXFileReference; fileEncoding = 4; lastKnownFileType = sourcecode.c.h; path = "UIImagePickerController+GCDelegate.h"; sourceTree = "<group>"; };
		61D6AD511AB5EF1300321DB9 /* UIImagePickerController+GCDelegate.m */ = {isa = PBXFileReference; fileEncoding = 4; lastKnownFileType = sourcecode.c.objc; path = "UIImagePickerController+GCDelegate.m"; sourceTree = "<group>"; };
		61D6AD521AB5EF1300321DB9 /* UINavigationBar+GCDelegate.h */ = {isa = PBXFileReference; fileEncoding = 4; lastKnownFileType = sourcecode.c.h; path = "UINavigationBar+GCDelegate.h"; sourceTree = "<group>"; };
		61D6AD531AB5EF1300321DB9 /* UINavigationBar+GCDelegate.m */ = {isa = PBXFileReference; fileEncoding = 4; lastKnownFileType = sourcecode.c.objc; path = "UINavigationBar+GCDelegate.m"; sourceTree = "<group>"; };
		61D6AD541AB5EF1300321DB9 /* UINavigationController+GCDelegate.h */ = {isa = PBXFileReference; fileEncoding = 4; lastKnownFileType = sourcecode.c.h; path = "UINavigationController+GCDelegate.h"; sourceTree = "<group>"; };
		61D6AD551AB5EF1300321DB9 /* UINavigationController+GCDelegate.m */ = {isa = PBXFileReference; fileEncoding = 4; lastKnownFileType = sourcecode.c.objc; path = "UINavigationController+GCDelegate.m"; sourceTree = "<group>"; };
		61D6AD561AB5EF1300321DB9 /* UIPickerView+GCDelegateAndDataSource.h */ = {isa = PBXFileReference; fileEncoding = 4; lastKnownFileType = sourcecode.c.h; path = "UIPickerView+GCDelegateAndDataSource.h"; sourceTree = "<group>"; };
		61D6AD571AB5EF1300321DB9 /* UIPickerView+GCDelegateAndDataSource.m */ = {isa = PBXFileReference; fileEncoding = 4; lastKnownFileType = sourcecode.c.objc; path = "UIPickerView+GCDelegateAndDataSource.m"; sourceTree = "<group>"; };
		61D6AD581AB5EF1300321DB9 /* UIPopoverController+GCDelegate.h */ = {isa = PBXFileReference; fileEncoding = 4; lastKnownFileType = sourcecode.c.h; path = "UIPopoverController+GCDelegate.h"; sourceTree = "<group>"; };
		61D6AD591AB5EF1300321DB9 /* UIPopoverController+GCDelegate.m */ = {isa = PBXFileReference; fileEncoding = 4; lastKnownFileType = sourcecode.c.objc; path = "UIPopoverController+GCDelegate.m"; sourceTree = "<group>"; };
		61D6AD5A1AB5EF1300321DB9 /* UIScrollView+GCDelegate.h */ = {isa = PBXFileReference; fileEncoding = 4; lastKnownFileType = sourcecode.c.h; path = "UIScrollView+GCDelegate.h"; sourceTree = "<group>"; };
		61D6AD5B1AB5EF1300321DB9 /* UIScrollView+GCDelegate.m */ = {isa = PBXFileReference; fileEncoding = 4; lastKnownFileType = sourcecode.c.objc; path = "UIScrollView+GCDelegate.m"; sourceTree = "<group>"; };
		61D6AD5C1AB5EF1300321DB9 /* UISearchBar+GCDelegate.h */ = {isa = PBXFileReference; fileEncoding = 4; lastKnownFileType = sourcecode.c.h; path = "UISearchBar+GCDelegate.h"; sourceTree = "<group>"; };
		61D6AD5D1AB5EF1300321DB9 /* UISearchBar+GCDelegate.m */ = {isa = PBXFileReference; fileEncoding = 4; lastKnownFileType = sourcecode.c.objc; path = "UISearchBar+GCDelegate.m"; sourceTree = "<group>"; };
		61D6AD5E1AB5EF1300321DB9 /* UITabBar+GCDelegate.h */ = {isa = PBXFileReference; fileEncoding = 4; lastKnownFileType = sourcecode.c.h; path = "UITabBar+GCDelegate.h"; sourceTree = "<group>"; };
		61D6AD5F1AB5EF1300321DB9 /* UITabBar+GCDelegate.m */ = {isa = PBXFileReference; fileEncoding = 4; lastKnownFileType = sourcecode.c.objc; path = "UITabBar+GCDelegate.m"; sourceTree = "<group>"; };
		61D6AD601AB5EF1300321DB9 /* UITabBarController+GCDelegate.h */ = {isa = PBXFileReference; fileEncoding = 4; lastKnownFileType = sourcecode.c.h; path = "UITabBarController+GCDelegate.h"; sourceTree = "<group>"; };
		61D6AD611AB5EF1300321DB9 /* UITabBarController+GCDelegate.m */ = {isa = PBXFileReference; fileEncoding = 4; lastKnownFileType = sourcecode.c.objc; path = "UITabBarController+GCDelegate.m"; sourceTree = "<group>"; };
		61D6AD621AB5EF1300321DB9 /* UITableView+GCDelegateAndDataSource.h */ = {isa = PBXFileReference; fileEncoding = 4; lastKnownFileType = sourcecode.c.h; path = "UITableView+GCDelegateAndDataSource.h"; sourceTree = "<group>"; };
		61D6AD631AB5EF1300321DB9 /* UITableView+GCDelegateAndDataSource.m */ = {isa = PBXFileReference; fileEncoding = 4; lastKnownFileType = sourcecode.c.objc; path = "UITableView+GCDelegateAndDataSource.m"; sourceTree = "<group>"; };
		61D6AD641AB5EF1300321DB9 /* UITextField+GCDelegate.h */ = {isa = PBXFileReference; fileEncoding = 4; lastKnownFileType = sourcecode.c.h; path = "UITextField+GCDelegate.h"; sourceTree = "<group>"; };
		61D6AD651AB5EF1300321DB9 /* UITextField+GCDelegate.m */ = {isa = PBXFileReference; fileEncoding = 4; lastKnownFileType = sourcecode.c.objc; path = "UITextField+GCDelegate.m"; sourceTree = "<group>"; };
		61D6AD661AB5EF1300321DB9 /* UITextView+GCDelegate.h */ = {isa = PBXFileReference; fileEncoding = 4; lastKnownFileType = sourcecode.c.h; path = "UITextView+GCDelegate.h"; sourceTree = "<group>"; };
		61D6AD671AB5EF1300321DB9 /* UITextView+GCDelegate.m */ = {isa = PBXFileReference; fileEncoding = 4; lastKnownFileType = sourcecode.c.objc; path = "UITextView+GCDelegate.m"; sourceTree = "<group>"; };
		61D6AD681AB5EF1300321DB9 /* UIToolbar+GCDelegate.h */ = {isa = PBXFileReference; fileEncoding = 4; lastKnownFileType = sourcecode.c.h; path = "UIToolbar+GCDelegate.h"; sourceTree = "<group>"; };
		61D6AD691AB5EF1300321DB9 /* UIToolbar+GCDelegate.m */ = {isa = PBXFileReference; fileEncoding = 4; lastKnownFileType = sourcecode.c.objc; path = "UIToolbar+GCDelegate.m"; sourceTree = "<group>"; };
		61D6AD6A1AB5EF1300321DB9 /* UIWebView+GCDelegate.h */ = {isa = PBXFileReference; fileEncoding = 4; lastKnownFileType = sourcecode.c.h; path = "UIWebView+GCDelegate.h"; sourceTree = "<group>"; };
		61D6AD6B1AB5EF1300321DB9 /* UIWebView+GCDelegate.m */ = {isa = PBXFileReference; fileEncoding = 4; lastKnownFileType = sourcecode.c.objc; path = "UIWebView+GCDelegate.m"; sourceTree = "<group>"; };
/* End PBXFileReference section */

/* Begin PBXFrameworksBuildPhase section */
		61C4793419F0163300CF8549 /* Frameworks */ = {
			isa = PBXFrameworksBuildPhase;
			buildActionMask = 2147483647;
			files = (
			);
			runOnlyForDeploymentPostprocessing = 0;
		};
		61C4794D19F0163300CF8549 /* Frameworks */ = {
			isa = PBXFrameworksBuildPhase;
			buildActionMask = 2147483647;
			files = (
			);
			runOnlyForDeploymentPostprocessing = 0;
		};
/* End PBXFrameworksBuildPhase section */

/* Begin PBXGroup section */
		61C4792E19F0163300CF8549 = {
			isa = PBXGroup;
			children = (
				61D6ACEE1AB5EF1300321DB9 /* GCExtension */,
				61C4793919F0163300CF8549 /* MVVMDemo */,
				61C4795319F0163300CF8549 /* MVVMDemoTests */,
				61C4793819F0163300CF8549 /* Products */,
			);
			sourceTree = "<group>";
		};
		61C4793819F0163300CF8549 /* Products */ = {
			isa = PBXGroup;
			children = (
				61C4793719F0163300CF8549 /* MVVMDemo.app */,
				61C4795019F0163300CF8549 /* MVVMDemoTests.xctest */,
			);
			name = Products;
			sourceTree = "<group>";
		};
		61C4793919F0163300CF8549 /* MVVMDemo */ = {
			isa = PBXGroup;
			children = (
				61C4793E19F0163300CF8549 /* AppDelegate.h */,
				61C4793F19F0163300CF8549 /* AppDelegate.m */,
				61C479A119F0167200CF8549 /* TableViewModel.h */,
				61C479A219F0167200CF8549 /* TableViewModel.m */,
				61C4794119F0163300CF8549 /* ViewController.h */,
				61C4794219F0163300CF8549 /* ViewController.m */,
				61C479A419F0168E00CF8549 /* ViewController2.h */,
				61C479A519F0168E00CF8549 /* ViewController2.m */,
				61C479A619F0168E00CF8549 /* ViewController2.xib */,
				61C4794719F0163300CF8549 /* Images.xcassets */,
				61C4794919F0163300CF8549 /* LaunchScreen.xib */,
				61C4793A19F0163300CF8549 /* Supporting Files */,
			);
			path = MVVMDemo;
			sourceTree = "<group>";
		};
		61C4793A19F0163300CF8549 /* Supporting Files */ = {
			isa = PBXGroup;
			children = (
				61C4793B19F0163300CF8549 /* Info.plist */,
				61C4793C19F0163300CF8549 /* main.m */,
			);
			name = "Supporting Files";
			sourceTree = "<group>";
		};
		61C4795319F0163300CF8549 /* MVVMDemoTests */ = {
			isa = PBXGroup;
			children = (
				61C4795619F0163300CF8549 /* MVVMDemoTests.m */,
				61C4795419F0163300CF8549 /* Supporting Files */,
			);
			path = MVVMDemoTests;
			sourceTree = "<group>";
		};
		61C4795419F0163300CF8549 /* Supporting Files */ = {
			isa = PBXGroup;
			children = (
				61C4795519F0163300CF8549 /* Info.plist */,
			);
			name = "Supporting Files";
			sourceTree = "<group>";
		};
		61D6ACEE1AB5EF1300321DB9 /* GCExtension */ = {
			isa = PBXGroup;
			children = (
				61D6ACEF1AB5EF1300321DB9 /* GCExtension.h */,
				61D6ACF01AB5EF1300321DB9 /* GCMacro.h */,
				61D6ACF11AB5EF1300321DB9 /* ObjectKit */,
				61D6ACFF1AB5EF1300321DB9 /* UIKit */,
			);
			name = GCExtension;
			path = ../GCExtension/GCExtension;
			sourceTree = "<group>";
		};
		61D6ACF11AB5EF1300321DB9 /* ObjectKit */ = {
			isa = PBXGroup;
			children = (
				61D6ACF21AB5EF1300321DB9 /* GCAOPProxy.h */,
				61D6ACF31AB5EF1300321DB9 /* GCAOPProxy.m */,
				61D6ACF41AB5EF1300321DB9 /* NSObject+GCAccessor.h */,
				61D6ACF51AB5EF1300321DB9 /* NSObject+GCAccessor.m */,
				61D6ACF61AB5EF1300321DB9 /* NSObject+GCAOP.h */,
				61D6ACF71AB5EF1300321DB9 /* NSObject+GCAOP.m */,
				61D6ACF81AB5EF1300321DB9 /* NSObject+GCKVO.h */,
				61D6ACF91AB5EF1300321DB9 /* NSObject+GCKVO.m */,
				61D6ACFA1AB5EF1300321DB9 /* NSObject+GCNotificationObserver.h */,
				61D6ACFB1AB5EF1300321DB9 /* NSObject+GCNotificationObserver.m */,
				61D6ACFC1AB5EF1300321DB9 /* NSTimer+GCBlock.h */,
				61D6ACFD1AB5EF1300321DB9 /* NSTimer+GCBlock.m */,
				61D6ACFE1AB5EF1300321DB9 /* ObjectExtensionKit.h */,
			);
			path = ObjectKit;
			sourceTree = "<group>";
		};
		61D6ACFF1AB5EF1300321DB9 /* UIKit */ = {
			isa = PBXGroup;
			children = (
				61D6AD001AB5EF1300321DB9 /* private */,
				61D6AD471AB5EF1300321DB9 /* UICollectionView+GCDelegateAndDataSource.h */,
				61D6AD481AB5EF1300321DB9 /* UICollectionView+GCDelegateAndDataSource.m */,
				61D6AD491AB5EF1300321DB9 /* UIControl+GCEvent.h */,
				61D6AD4A1AB5EF1300321DB9 /* UIControl+GCEvent.m */,
				61D6AD4B1AB5EF1300321DB9 /* UIExtensionKit.h */,
				61D6AD4C1AB5EF1300321DB9 /* UIGestureRecognizer+GCAction.h */,
				61D6AD4D1AB5EF1300321DB9 /* UIGestureRecognizer+GCAction.m */,
				61D6AD4E1AB5EF1300321DB9 /* UIGestureRecognizer+GCDelegate.h */,
				61D6AD4F1AB5EF1300321DB9 /* UIGestureRecognizer+GCDelegate.m */,
				61D6AD501AB5EF1300321DB9 /* UIImagePickerController+GCDelegate.h */,
				61D6AD511AB5EF1300321DB9 /* UIImagePickerController+GCDelegate.m */,
				61D6AD521AB5EF1300321DB9 /* UINavigationBar+GCDelegate.h */,
				61D6AD531AB5EF1300321DB9 /* UINavigationBar+GCDelegate.m */,
				61D6AD541AB5EF1300321DB9 /* UINavigationController+GCDelegate.h */,
				61D6AD551AB5EF1300321DB9 /* UINavigationController+GCDelegate.m */,
				61D6AD561AB5EF1300321DB9 /* UIPickerView+GCDelegateAndDataSource.h */,
				61D6AD571AB5EF1300321DB9 /* UIPickerView+GCDelegateAndDataSource.m */,
				61D6AD581AB5EF1300321DB9 /* UIPopoverController+GCDelegate.h */,
				61D6AD591AB5EF1300321DB9 /* UIPopoverController+GCDelegate.m */,
				61D6AD5A1AB5EF1300321DB9 /* UIScrollView+GCDelegate.h */,
				61D6AD5B1AB5EF1300321DB9 /* UIScrollView+GCDelegate.m */,
				61D6AD5C1AB5EF1300321DB9 /* UISearchBar+GCDelegate.h */,
				61D6AD5D1AB5EF1300321DB9 /* UISearchBar+GCDelegate.m */,
				61D6AD5E1AB5EF1300321DB9 /* UITabBar+GCDelegate.h */,
				61D6AD5F1AB5EF1300321DB9 /* UITabBar+GCDelegate.m */,
				61D6AD601AB5EF1300321DB9 /* UITabBarController+GCDelegate.h */,
				61D6AD611AB5EF1300321DB9 /* UITabBarController+GCDelegate.m */,
				61D6AD621AB5EF1300321DB9 /* UITableView+GCDelegateAndDataSource.h */,
				61D6AD631AB5EF1300321DB9 /* UITableView+GCDelegateAndDataSource.m */,
				61D6AD641AB5EF1300321DB9 /* UITextField+GCDelegate.h */,
				61D6AD651AB5EF1300321DB9 /* UITextField+GCDelegate.m */,
				61D6AD661AB5EF1300321DB9 /* UITextView+GCDelegate.h */,
				61D6AD671AB5EF1300321DB9 /* UITextView+GCDelegate.m */,
				61D6AD681AB5EF1300321DB9 /* UIToolbar+GCDelegate.h */,
				61D6AD691AB5EF1300321DB9 /* UIToolbar+GCDelegate.m */,
				61D6AD6A1AB5EF1300321DB9 /* UIWebView+GCDelegate.h */,
				61D6AD6B1AB5EF1300321DB9 /* UIWebView+GCDelegate.m */,
			);
			path = UIKit;
			sourceTree = "<group>";
		};
		61D6AD001AB5EF1300321DB9 /* private */ = {
			isa = PBXGroup;
			children = (
				61D6AD011AB5EF1300321DB9 /* GCDelegateImplementationProxy */,
				61D6AD241AB5EF1300321DB9 /* NSObject+GCProxyRegister.h */,
				61D6AD251AB5EF1300321DB9 /* NSObject+GCProxyRegister.m */,
				61D6AD261AB5EF1300321DB9 /* UICollectionView+GCDelegateAndDataSourceBlock.h */,
				61D6AD271AB5EF1300321DB9 /* UICollectionView+GCDelegateAndDataSourceBlock.m */,
				61D6AD281AB5EF1300321DB9 /* UIExtension_Private.h */,
				61D6AD291AB5EF1300321DB9 /* UIGestureRecognizer+GCDelegateBlock.h */,
				61D6AD2A1AB5EF1300321DB9 /* UIGestureRecognizer+GCDelegateBlock.m */,
				61D6AD2B1AB5EF1300321DB9 /* UIImagePickerController+GCDelegateBlock.h */,
				61D6AD2C1AB5EF1300321DB9 /* UIImagePickerController+GCDelegateBlock.m */,
				61D6AD2D1AB5EF1300321DB9 /* UINavigationBar+GCDelegateBlock.h */,
				61D6AD2E1AB5EF1300321DB9 /* UINavigationBar+GCDelegateBlock.m */,
				61D6AD2F1AB5EF1300321DB9 /* UINavigationController+GCDelegateBlock.h */,
				61D6AD301AB5EF1300321DB9 /* UINavigationController+GCDelegateBlock.m */,
				61D6AD311AB5EF1300321DB9 /* UIPickerView+GCDelegateAndDataSourceBlock.h */,
				61D6AD321AB5EF1300321DB9 /* UIPickerView+GCDelegateAndDataSourceBlock.m */,
				61D6AD331AB5EF1300321DB9 /* UIPopoverController+GCDelegateBlock.h */,
				61D6AD341AB5EF1300321DB9 /* UIPopoverController+GCDelegateBlock.m */,
				61D6AD351AB5EF1300321DB9 /* UIScrollView+GCDelegateBlock.h */,
				61D6AD361AB5EF1300321DB9 /* UIScrollView+GCDelegateBlock.m */,
				61D6AD371AB5EF1300321DB9 /* UISearchBar+GCDelegateBlock.h */,
				61D6AD381AB5EF1300321DB9 /* UISearchBar+GCDelegateBlock.m */,
				61D6AD391AB5EF1300321DB9 /* UITabBar+GCDelegateBlock.h */,
				61D6AD3A1AB5EF1300321DB9 /* UITabBar+GCDelegateBlock.m */,
				61D6AD3B1AB5EF1300321DB9 /* UITabBarController+GCDelegateBlock.h */,
				61D6AD3C1AB5EF1300321DB9 /* UITabBarController+GCDelegateBlock.m */,
				61D6AD3D1AB5EF1300321DB9 /* UITableView+GCDelegateAndDataSourceBlock.h */,
				61D6AD3E1AB5EF1300321DB9 /* UITableView+GCDelegateAndDataSourceBlock.m */,
				61D6AD3F1AB5EF1300321DB9 /* UITextField+GCDelegateBlock.h */,
				61D6AD401AB5EF1300321DB9 /* UITextField+GCDelegateBlock.m */,
				61D6AD411AB5EF1300321DB9 /* UITextView+GCDelegateBlock.h */,
				61D6AD421AB5EF1300321DB9 /* UITextView+GCDelegateBlock.m */,
				61D6AD431AB5EF1300321DB9 /* UIToolbar+GCDelegateBlock.h */,
				61D6AD441AB5EF1300321DB9 /* UIToolbar+GCDelegateBlock.m */,
				61D6AD451AB5EF1300321DB9 /* UIWebView+GCDelegateBlock.h */,
				61D6AD461AB5EF1300321DB9 /* UIWebView+GCDelegateBlock.m */,
			);
			path = private;
			sourceTree = "<group>";
		};
		61D6AD011AB5EF1300321DB9 /* GCDelegateImplementationProxy */ = {
			isa = PBXGroup;
			children = (
				61D6AD021AB5EF1300321DB9 /* GCImplementationProxy.h */,
				61D6AD031AB5EF1300321DB9 /* GCImplementationProxy.m */,
				61D6AD041AB5EF1300321DB9 /* UICollectionViewDelegateAndDataSourceImplementationProxy.h */,
				61D6AD051AB5EF1300321DB9 /* UICollectionViewDelegateAndDataSourceImplementationProxy.m */,
				61D6AD061AB5EF1300321DB9 /* UIGestureRecognizerDelegateImplementProxy.h */,
				61D6AD071AB5EF1300321DB9 /* UIGestureRecognizerDelegateImplementProxy.m */,
				61D6AD081AB5EF1300321DB9 /* UIImagePickerControllerDelegateImplementationProxy.h */,
				61D6AD091AB5EF1300321DB9 /* UIImagePickerControllerDelegateImplementationProxy.m */,
				61D6AD0A1AB5EF1300321DB9 /* UINavigationBarDelegateImpletationProxy.h */,
				61D6AD0B1AB5EF1300321DB9 /* UINavigationBarDelegateImpletationProxy.m */,
				61D6AD0C1AB5EF1300321DB9 /* UINavigationControllerDelegateImplementionProxy.h */,
				61D6AD0D1AB5EF1300321DB9 /* UINavigationControllerDelegateImplementionProxy.m */,
				61D6AD0E1AB5EF1300321DB9 /* UIPickerViewDelegateImplementationProxy.h */,
				61D6AD0F1AB5EF1300321DB9 /* UIPickerViewDelegateImplementationProxy.m */,
				61D6AD101AB5EF1300321DB9 /* UIPopoverControllerImplementationProxy.h */,
				61D6AD111AB5EF1300321DB9 /* UIPopoverControllerImplementationProxy.m */,
				61D6AD121AB5EF1300321DB9 /* UIScrollViewDelegateImplementationProxy.h */,
				61D6AD131AB5EF1300321DB9 /* UIScrollViewDelegateImplementationProxy.m */,
				61D6AD141AB5EF1300321DB9 /* UISearchBarDelegateImplementationProxy.h */,
				61D6AD151AB5EF1300321DB9 /* UISearchBarDelegateImplementationProxy.m */,
				61D6AD161AB5EF1300321DB9 /* UITabbarControllerDelegateImplementationProxy.h */,
				61D6AD171AB5EF1300321DB9 /* UITabbarControllerDelegateImplementationProxy.m */,
				61D6AD181AB5EF1300321DB9 /* UITabbarDelegateImplementationProxy.h */,
				61D6AD191AB5EF1300321DB9 /* UITabbarDelegateImplementationProxy.m */,
				61D6AD1A1AB5EF1300321DB9 /* UITableViewDelegateAndDataSourceImplementationProxy.h */,
				61D6AD1B1AB5EF1300321DB9 /* UITableViewDelegateAndDataSourceImplementationProxy.m */,
				61D6AD1C1AB5EF1300321DB9 /* UITextFieldDelegateImplementationProxy.h */,
				61D6AD1D1AB5EF1300321DB9 /* UITextFieldDelegateImplementationProxy.m */,
				61D6AD1E1AB5EF1300321DB9 /* UITextViewDelegateImplementationProxy.h */,
				61D6AD1F1AB5EF1300321DB9 /* UITextViewDelegateImplementationProxy.m */,
				61D6AD201AB5EF1300321DB9 /* UIToolbarDelegateImplementationProxy.h */,
				61D6AD211AB5EF1300321DB9 /* UIToolbarDelegateImplementationProxy.m */,
				61D6AD221AB5EF1300321DB9 /* UIWebViewDelegateImplementationProxy.h */,
				61D6AD231AB5EF1300321DB9 /* UIWebViewDelegateImplementationProxy.m */,
			);
			path = GCDelegateImplementationProxy;
			sourceTree = "<group>";
		};
/* End PBXGroup section */

/* Begin PBXNativeTarget section */
		61C4793619F0163300CF8549 /* MVVMDemo */ = {
			isa = PBXNativeTarget;
			buildConfigurationList = 61C4795A19F0163300CF8549 /* Build configuration list for PBXNativeTarget "MVVMDemo" */;
			buildPhases = (
				61C4793319F0163300CF8549 /* Sources */,
				61C4793419F0163300CF8549 /* Frameworks */,
				61C4793519F0163300CF8549 /* Resources */,
			);
			buildRules = (
			);
			dependencies = (
			);
			name = MVVMDemo;
			productName = MVVMDemo;
			productReference = 61C4793719F0163300CF8549 /* MVVMDemo.app */;
			productType = "com.apple.product-type.application";
		};
		61C4794F19F0163300CF8549 /* MVVMDemoTests */ = {
			isa = PBXNativeTarget;
			buildConfigurationList = 61C4795D19F0163300CF8549 /* Build configuration list for PBXNativeTarget "MVVMDemoTests" */;
			buildPhases = (
				61C4794C19F0163300CF8549 /* Sources */,
				61C4794D19F0163300CF8549 /* Frameworks */,
				61C4794E19F0163300CF8549 /* Resources */,
			);
			buildRules = (
			);
			dependencies = (
				61C4795219F0163300CF8549 /* PBXTargetDependency */,
			);
			name = MVVMDemoTests;
			productName = MVVMDemoTests;
			productReference = 61C4795019F0163300CF8549 /* MVVMDemoTests.xctest */;
			productType = "com.apple.product-type.bundle.unit-test";
		};
/* End PBXNativeTarget section */

/* Begin PBXProject section */
		61C4792F19F0163300CF8549 /* Project object */ = {
			isa = PBXProject;
			attributes = {
				LastUpgradeCheck = 0600;
				ORGANIZATIONNAME = njgarychow;
				TargetAttributes = {
					61C4793619F0163300CF8549 = {
						CreatedOnToolsVersion = 6.0.1;
					};
					61C4794F19F0163300CF8549 = {
						CreatedOnToolsVersion = 6.0.1;
						TestTargetID = 61C4793619F0163300CF8549;
					};
				};
			};
			buildConfigurationList = 61C4793219F0163300CF8549 /* Build configuration list for PBXProject "MVVMDemo" */;
			compatibilityVersion = "Xcode 3.2";
			developmentRegion = English;
			hasScannedForEncodings = 0;
			knownRegions = (
				en,
				Base,
			);
			mainGroup = 61C4792E19F0163300CF8549;
			productRefGroup = 61C4793819F0163300CF8549 /* Products */;
			projectDirPath = "";
			projectRoot = "";
			targets = (
				61C4793619F0163300CF8549 /* MVVMDemo */,
				61C4794F19F0163300CF8549 /* MVVMDemoTests */,
			);
		};
/* End PBXProject section */

/* Begin PBXResourcesBuildPhase section */
		61C4793519F0163300CF8549 /* Resources */ = {
			isa = PBXResourcesBuildPhase;
			buildActionMask = 2147483647;
			files = (
				61C479A819F0168E00CF8549 /* ViewController2.xib in Resources */,
				61C4794B19F0163300CF8549 /* LaunchScreen.xib in Resources */,
				61C4794819F0163300CF8549 /* Images.xcassets in Resources */,
			);
			runOnlyForDeploymentPostprocessing = 0;
		};
		61C4794E19F0163300CF8549 /* Resources */ = {
			isa = PBXResourcesBuildPhase;
			buildActionMask = 2147483647;
			files = (
			);
			runOnlyForDeploymentPostprocessing = 0;
		};
/* End PBXResourcesBuildPhase section */

/* Begin PBXSourcesBuildPhase section */
		61C4793319F0163300CF8549 /* Sources */ = {
			isa = PBXSourcesBuildPhase;
			buildActionMask = 2147483647;
			files = (
				61D6AD701AB5EF1300321DB9 /* NSObject+GCNotificationObserver.m in Sources */,
				61D6AD961AB5EF1300321DB9 /* UIGestureRecognizer+GCAction.m in Sources */,
				61D6AD7B1AB5EF1300321DB9 /* UISearchBarDelegateImplementationProxy.m in Sources */,
				61D6AD991AB5EF1300321DB9 /* UINavigationBar+GCDelegate.m in Sources */,
				61D6AD861AB5EF1300321DB9 /* UIImagePickerController+GCDelegateBlock.m in Sources */,
				61D6AD841AB5EF1300321DB9 /* UICollectionView+GCDelegateAndDataSourceBlock.m in Sources */,
				61D6AD6E1AB5EF1300321DB9 /* NSObject+GCAOP.m in Sources */,
				61D6AD801AB5EF1300321DB9 /* UITextViewDelegateImplementationProxy.m in Sources */,
				61C479A719F0168E00CF8549 /* ViewController2.m in Sources */,
				61D6AD8B1AB5EF1300321DB9 /* UIScrollView+GCDelegateBlock.m in Sources */,
				61D6AD8F1AB5EF1300321DB9 /* UITableView+GCDelegateAndDataSourceBlock.m in Sources */,
				61D6AD791AB5EF1300321DB9 /* UIPopoverControllerImplementationProxy.m in Sources */,
				61D6ADA31AB5EF1300321DB9 /* UITextView+GCDelegate.m in Sources */,
				61D6AD9E1AB5EF1300321DB9 /* UISearchBar+GCDelegate.m in Sources */,
				61D6AD911AB5EF1300321DB9 /* UITextView+GCDelegateBlock.m in Sources */,
				61C479A319F0167200CF8549 /* TableViewModel.m in Sources */,
				61D6AD821AB5EF1300321DB9 /* UIWebViewDelegateImplementationProxy.m in Sources */,
				61D6AD9F1AB5EF1300321DB9 /* UITabBar+GCDelegate.m in Sources */,
				61D6AD721AB5EF1300321DB9 /* GCImplementationProxy.m in Sources */,
				61D6ADA21AB5EF1300321DB9 /* UITextField+GCDelegate.m in Sources */,
				61D6AD871AB5EF1300321DB9 /* UINavigationBar+GCDelegateBlock.m in Sources */,
				61C4794319F0163300CF8549 /* ViewController.m in Sources */,
				61D6AD9C1AB5EF1300321DB9 /* UIPopoverController+GCDelegate.m in Sources */,
				61D6AD9D1AB5EF1300321DB9 /* UIScrollView+GCDelegate.m in Sources */,
				61D6AD6C1AB5EF1300321DB9 /* GCAOPProxy.m in Sources */,
				61D6AD981AB5EF1300321DB9 /* UIImagePickerController+GCDelegate.m in Sources */,
				61D6AD731AB5EF1300321DB9 /* UICollectionViewDelegateAndDataSourceImplementationProxy.m in Sources */,
				61D6ADA51AB5EF1300321DB9 /* UIWebView+GCDelegate.m in Sources */,
				61D6AD7E1AB5EF1300321DB9 /* UITableViewDelegateAndDataSourceImplementationProxy.m in Sources */,
				61D6ADA41AB5EF1300321DB9 /* UIToolbar+GCDelegate.m in Sources */,
				61D6AD891AB5EF1300321DB9 /* UIPickerView+GCDelegateAndDataSourceBlock.m in Sources */,
				61D6AD941AB5EF1300321DB9 /* UICollectionView+GCDelegateAndDataSource.m in Sources */,
				61D6AD9A1AB5EF1300321DB9 /* UINavigationController+GCDelegate.m in Sources */,
				61D6AD781AB5EF1300321DB9 /* UIPickerViewDelegateImplementationProxy.m in Sources */,
				61D6ADA01AB5EF1300321DB9 /* UITabBarController+GCDelegate.m in Sources */,
				61D6AD6F1AB5EF1300321DB9 /* NSObject+GCKVO.m in Sources */,
				61D6AD921AB5EF1300321DB9 /* UIToolbar+GCDelegateBlock.m in Sources */,
				61D6AD971AB5EF1300321DB9 /* UIGestureRecognizer+GCDelegate.m in Sources */,
				61D6AD771AB5EF1300321DB9 /* UINavigationControllerDelegateImplementionProxy.m in Sources */,
				61D6AD7F1AB5EF1300321DB9 /* UITextFieldDelegateImplementationProxy.m in Sources */,
				61D6AD741AB5EF1300321DB9 /* UIGestureRecognizerDelegateImplementProxy.m in Sources */,
				61D6AD761AB5EF1300321DB9 /* UINavigationBarDelegateImpletationProxy.m in Sources */,
				61D6AD951AB5EF1300321DB9 /* UIControl+GCEvent.m in Sources */,
				61D6AD8E1AB5EF1300321DB9 /* UITabBarController+GCDelegateBlock.m in Sources */,
				61D6AD9B1AB5EF1300321DB9 /* UIPickerView+GCDelegateAndDataSource.m in Sources */,
				61D6AD8D1AB5EF1300321DB9 /* UITabBar+GCDelegateBlock.m in Sources */,
				61D6AD8C1AB5EF1300321DB9 /* UISearchBar+GCDelegateBlock.m in Sources */,
				61D6AD7C1AB5EF1300321DB9 /* UITabbarControllerDelegateImplementationProxy.m in Sources */,
				61D6AD851AB5EF1300321DB9 /* UIGestureRecognizer+GCDelegateBlock.m in Sources */,
				61D6ADA11AB5EF1300321DB9 /* UITableView+GCDelegateAndDataSource.m in Sources */,
				61D6AD931AB5EF1300321DB9 /* UIWebView+GCDelegateBlock.m in Sources */,
				61D6AD881AB5EF1300321DB9 /* UINavigationController+GCDelegateBlock.m in Sources */,
				61D6AD831AB5EF1300321DB9 /* NSObject+GCProxyRegister.m in Sources */,
				61D6AD711AB5EF1300321DB9 /* NSTimer+GCBlock.m in Sources */,
				61D6AD7D1AB5EF1300321DB9 /* UITabbarDelegateImplementationProxy.m in Sources */,
				61D6AD6D1AB5EF1300321DB9 /* NSObject+GCAccessor.m in Sources */,
				61D6AD811AB5EF1300321DB9 /* UIToolbarDelegateImplementationProxy.m in Sources */,
				61D6AD901AB5EF1300321DB9 /* UITextField+GCDelegateBlock.m in Sources */,
				61C4794019F0163300CF8549 /* AppDelegate.m in Sources */,
				61D6AD8A1AB5EF1300321DB9 /* UIPopoverController+GCDelegateBlock.m in Sources */,
				61D6AD751AB5EF1300321DB9 /* UIImagePickerControllerDelegateImplementationProxy.m in Sources */,
				61C4793D19F0163300CF8549 /* main.m in Sources */,
				61D6AD7A1AB5EF1300321DB9 /* UIScrollViewDelegateImplementationProxy.m in Sources */,
			);
			runOnlyForDeploymentPostprocessing = 0;
		};
		61C4794C19F0163300CF8549 /* Sources */ = {
			isa = PBXSourcesBuildPhase;
			buildActionMask = 2147483647;
			files = (
				61C4795719F0163300CF8549 /* MVVMDemoTests.m in Sources */,
			);
			runOnlyForDeploymentPostprocessing = 0;
		};
/* End PBXSourcesBuildPhase section */

/* Begin PBXTargetDependency section */
		61C4795219F0163300CF8549 /* PBXTargetDependency */ = {
			isa = PBXTargetDependency;
			target = 61C4793619F0163300CF8549 /* MVVMDemo */;
			targetProxy = 61C4795119F0163300CF8549 /* PBXContainerItemProxy */;
		};
/* End PBXTargetDependency section */

/* Begin PBXVariantGroup section */
		61C4794919F0163300CF8549 /* LaunchScreen.xib */ = {
			isa = PBXVariantGroup;
			children = (
				61C4794A19F0163300CF8549 /* Base */,
			);
			name = LaunchScreen.xib;
			sourceTree = "<group>";
		};
/* End PBXVariantGroup section */

/* Begin XCBuildConfiguration section */
		61C4795819F0163300CF8549 /* Debug */ = {
			isa = XCBuildConfiguration;
			buildSettings = {
				ALWAYS_SEARCH_USER_PATHS = NO;
				CLANG_CXX_LANGUAGE_STANDARD = "gnu++0x";
				CLANG_CXX_LIBRARY = "libc++";
				CLANG_ENABLE_MODULES = YES;
				CLANG_ENABLE_OBJC_ARC = YES;
				CLANG_WARN_BOOL_CONVERSION = YES;
				CLANG_WARN_CONSTANT_CONVERSION = YES;
				CLANG_WARN_DIRECT_OBJC_ISA_USAGE = YES_ERROR;
				CLANG_WARN_EMPTY_BODY = YES;
				CLANG_WARN_ENUM_CONVERSION = YES;
				CLANG_WARN_INT_CONVERSION = YES;
				CLANG_WARN_OBJC_ROOT_CLASS = YES_ERROR;
				CLANG_WARN_UNREACHABLE_CODE = YES;
				CLANG_WARN__DUPLICATE_METHOD_MATCH = YES;
				"CODE_SIGN_IDENTITY[sdk=iphoneos*]" = "iPhone Developer";
				COPY_PHASE_STRIP = NO;
				ENABLE_STRICT_OBJC_MSGSEND = YES;
				GCC_C_LANGUAGE_STANDARD = gnu99;
				GCC_DYNAMIC_NO_PIC = NO;
				GCC_OPTIMIZATION_LEVEL = 0;
				GCC_PREPROCESSOR_DEFINITIONS = (
					"DEBUG=1",
					"$(inherited)",
				);
				GCC_SYMBOLS_PRIVATE_EXTERN = NO;
				GCC_WARN_64_TO_32_BIT_CONVERSION = YES;
				GCC_WARN_ABOUT_RETURN_TYPE = YES_ERROR;
				GCC_WARN_UNDECLARED_SELECTOR = YES;
				GCC_WARN_UNINITIALIZED_AUTOS = YES_AGGRESSIVE;
				GCC_WARN_UNUSED_FUNCTION = YES;
				GCC_WARN_UNUSED_VARIABLE = YES;
				IPHONEOS_DEPLOYMENT_TARGET = 8.0;
				MTL_ENABLE_DEBUG_INFO = YES;
				ONLY_ACTIVE_ARCH = YES;
				SDKROOT = iphoneos;
			};
			name = Debug;
		};
		61C4795919F0163300CF8549 /* Release */ = {
			isa = XCBuildConfiguration;
			buildSettings = {
				ALWAYS_SEARCH_USER_PATHS = NO;
				CLANG_CXX_LANGUAGE_STANDARD = "gnu++0x";
				CLANG_CXX_LIBRARY = "libc++";
				CLANG_ENABLE_MODULES = YES;
				CLANG_ENABLE_OBJC_ARC = YES;
				CLANG_WARN_BOOL_CONVERSION = YES;
				CLANG_WARN_CONSTANT_CONVERSION = YES;
				CLANG_WARN_DIRECT_OBJC_ISA_USAGE = YES_ERROR;
				CLANG_WARN_EMPTY_BODY = YES;
				CLANG_WARN_ENUM_CONVERSION = YES;
				CLANG_WARN_INT_CONVERSION = YES;
				CLANG_WARN_OBJC_ROOT_CLASS = YES_ERROR;
				CLANG_WARN_UNREACHABLE_CODE = YES;
				CLANG_WARN__DUPLICATE_METHOD_MATCH = YES;
				"CODE_SIGN_IDENTITY[sdk=iphoneos*]" = "iPhone Developer";
				COPY_PHASE_STRIP = YES;
				ENABLE_NS_ASSERTIONS = NO;
				ENABLE_STRICT_OBJC_MSGSEND = YES;
				GCC_C_LANGUAGE_STANDARD = gnu99;
				GCC_WARN_64_TO_32_BIT_CONVERSION = YES;
				GCC_WARN_ABOUT_RETURN_TYPE = YES_ERROR;
				GCC_WARN_UNDECLARED_SELECTOR = YES;
				GCC_WARN_UNINITIALIZED_AUTOS = YES_AGGRESSIVE;
				GCC_WARN_UNUSED_FUNCTION = YES;
				GCC_WARN_UNUSED_VARIABLE = YES;
				IPHONEOS_DEPLOYMENT_TARGET = 8.0;
				MTL_ENABLE_DEBUG_INFO = NO;
				SDKROOT = iphoneos;
				VALIDATE_PRODUCT = YES;
			};
			name = Release;
		};
		61C4795B19F0163300CF8549 /* Debug */ = {
			isa = XCBuildConfiguration;
			buildSettings = {
				ASSETCATALOG_COMPILER_APPICON_NAME = AppIcon;
				INFOPLIST_FILE = MVVMDemo/Info.plist;
				IPHONEOS_DEPLOYMENT_TARGET = 6.0;
				LD_RUNPATH_SEARCH_PATHS = "$(inherited) @executable_path/Frameworks";
				PRODUCT_NAME = "$(TARGET_NAME)";
			};
			name = Debug;
		};
		61C4795C19F0163300CF8549 /* Release */ = {
			isa = XCBuildConfiguration;
			buildSettings = {
				ASSETCATALOG_COMPILER_APPICON_NAME = AppIcon;
				INFOPLIST_FILE = MVVMDemo/Info.plist;
				IPHONEOS_DEPLOYMENT_TARGET = 6.0;
				LD_RUNPATH_SEARCH_PATHS = "$(inherited) @executable_path/Frameworks";
				PRODUCT_NAME = "$(TARGET_NAME)";
			};
			name = Release;
		};
		61C4795E19F0163300CF8549 /* Debug */ = {
			isa = XCBuildConfiguration;
			buildSettings = {
				BUNDLE_LOADER = "$(TEST_HOST)";
				FRAMEWORK_SEARCH_PATHS = (
					"$(SDKROOT)/Developer/Library/Frameworks",
					"$(inherited)",
				);
				GCC_PREPROCESSOR_DEFINITIONS = (
					"DEBUG=1",
					"$(inherited)",
				);
				INFOPLIST_FILE = MVVMDemoTests/Info.plist;
				LD_RUNPATH_SEARCH_PATHS = "$(inherited) @executable_path/Frameworks @loader_path/Frameworks";
				PRODUCT_NAME = "$(TARGET_NAME)";
				TEST_HOST = "$(BUILT_PRODUCTS_DIR)/MVVMDemo.app/MVVMDemo";
			};
			name = Debug;
		};
		61C4795F19F0163300CF8549 /* Release */ = {
			isa = XCBuildConfiguration;
			buildSettings = {
				BUNDLE_LOADER = "$(TEST_HOST)";
				FRAMEWORK_SEARCH_PATHS = (
					"$(SDKROOT)/Developer/Library/Frameworks",
					"$(inherited)",
				);
				INFOPLIST_FILE = MVVMDemoTests/Info.plist;
				LD_RUNPATH_SEARCH_PATHS = "$(inherited) @executable_path/Frameworks @loader_path/Frameworks";
				PRODUCT_NAME = "$(TARGET_NAME)";
				TEST_HOST = "$(BUILT_PRODUCTS_DIR)/MVVMDemo.app/MVVMDemo";
			};
			name = Release;
		};
/* End XCBuildConfiguration section */

/* Begin XCConfigurationList section */
		61C4793219F0163300CF8549 /* Build configuration list for PBXProject "MVVMDemo" */ = {
			isa = XCConfigurationList;
			buildConfigurations = (
				61C4795819F0163300CF8549 /* Debug */,
				61C4795919F0163300CF8549 /* Release */,
			);
			defaultConfigurationIsVisible = 0;
			defaultConfigurationName = Release;
		};
		61C4795A19F0163300CF8549 /* Build configuration list for PBXNativeTarget "MVVMDemo" */ = {
			isa = XCConfigurationList;
			buildConfigurations = (
				61C4795B19F0163300CF8549 /* Debug */,
				61C4795C19F0163300CF8549 /* Release */,
			);
			defaultConfigurationIsVisible = 0;
			defaultConfigurationName = Release;
		};
		61C4795D19F0163300CF8549 /* Build configuration list for PBXNativeTarget "MVVMDemoTests" */ = {
			isa = XCConfigurationList;
			buildConfigurations = (
				61C4795E19F0163300CF8549 /* Debug */,
				61C4795F19F0163300CF8549 /* Release */,
			);
			defaultConfigurationIsVisible = 0;
			defaultConfigurationName = Release;
		};
/* End XCConfigurationList section */
	};
	rootObject = 61C4792F19F0163300CF8549 /* Project object */;
}
