// !$*UTF8*$!
{
	archiveVersion = 1;
	classes = {
	};
	objectVersion = 46;
	objects = {

/* Begin PBXBuildFile section */
		61C11E5519EEB896000DD155 /* main.m in Sources */ = {isa = PBXBuildFile; fileRef = 61C11E5419EEB896000DD155 /* main.m */; };
		61C11E5819EEB896000DD155 /* AppDelegate.m in Sources */ = {isa = PBXBuildFile; fileRef = 61C11E5719EEB896000DD155 /* AppDelegate.m */; };
		61C11E5B19EEB896000DD155 /* ViewController.m in Sources */ = {isa = PBXBuildFile; fileRef = 61C11E5A19EEB896000DD155 /* ViewController.m */; };
		61C11E5E19EEB896000DD155 /* Main.storyboard in Resources */ = {isa = PBXBuildFile; fileRef = 61C11E5C19EEB896000DD155 /* Main.storyboard */; };
		61C11E6019EEB896000DD155 /* Images.xcassets in Resources */ = {isa = PBXBuildFile; fileRef = 61C11E5F19EEB896000DD155 /* Images.xcassets */; };
		61C11E6319EEB896000DD155 /* LaunchScreen.xib in Resources */ = {isa = PBXBuildFile; fileRef = 61C11E6119EEB896000DD155 /* LaunchScreen.xib */; };
		61C11E6F19EEB896000DD155 /* TargetActionDemoTests.m in Sources */ = {isa = PBXBuildFile; fileRef = 61C11E6E19EEB896000DD155 /* TargetActionDemoTests.m */; };
		61D6AEDC1AB5EFCE00321DB9 /* GCAOPProxy.m in Sources */ = {isa = PBXBuildFile; fileRef = 61D6AE631AB5EFCE00321DB9 /* GCAOPProxy.m */; };
		61D6AEDD1AB5EFCE00321DB9 /* NSObject+GCAccessor.m in Sources */ = {isa = PBXBuildFile; fileRef = 61D6AE651AB5EFCE00321DB9 /* NSObject+GCAccessor.m */; };
		61D6AEDE1AB5EFCE00321DB9 /* NSObject+GCAOP.m in Sources */ = {isa = PBXBuildFile; fileRef = 61D6AE671AB5EFCE00321DB9 /* NSObject+GCAOP.m */; };
		61D6AEDF1AB5EFCE00321DB9 /* NSObject+GCKVO.m in Sources */ = {isa = PBXBuildFile; fileRef = 61D6AE691AB5EFCE00321DB9 /* NSObject+GCKVO.m */; };
		61D6AEE01AB5EFCE00321DB9 /* NSObject+GCNotificationObserver.m in Sources */ = {isa = PBXBuildFile; fileRef = 61D6AE6B1AB5EFCE00321DB9 /* NSObject+GCNotificationObserver.m */; };
		61D6AEE11AB5EFCE00321DB9 /* NSTimer+GCBlock.m in Sources */ = {isa = PBXBuildFile; fileRef = 61D6AE6D1AB5EFCE00321DB9 /* NSTimer+GCBlock.m */; };
		61D6AEE21AB5EFCE00321DB9 /* GCImplementationProxy.m in Sources */ = {isa = PBXBuildFile; fileRef = 61D6AE731AB5EFCE00321DB9 /* GCImplementationProxy.m */; };
		61D6AEE31AB5EFCE00321DB9 /* UICollectionViewDelegateAndDataSourceImplementationProxy.m in Sources */ = {isa = PBXBuildFile; fileRef = 61D6AE751AB5EFCE00321DB9 /* UICollectionViewDelegateAndDataSourceImplementationProxy.m */; };
		61D6AEE41AB5EFCE00321DB9 /* UIGestureRecognizerDelegateImplementProxy.m in Sources */ = {isa = PBXBuildFile; fileRef = 61D6AE771AB5EFCE00321DB9 /* UIGestureRecognizerDelegateImplementProxy.m */; };
		61D6AEE51AB5EFCE00321DB9 /* UIImagePickerControllerDelegateImplementationProxy.m in Sources */ = {isa = PBXBuildFile; fileRef = 61D6AE791AB5EFCE00321DB9 /* UIImagePickerControllerDelegateImplementationProxy.m */; };
		61D6AEE61AB5EFCE00321DB9 /* UINavigationBarDelegateImpletationProxy.m in Sources */ = {isa = PBXBuildFile; fileRef = 61D6AE7B1AB5EFCE00321DB9 /* UINavigationBarDelegateImpletationProxy.m */; };
		61D6AEE71AB5EFCE00321DB9 /* UINavigationControllerDelegateImplementionProxy.m in Sources */ = {isa = PBXBuildFile; fileRef = 61D6AE7D1AB5EFCE00321DB9 /* UINavigationControllerDelegateImplementionProxy.m */; };
		61D6AEE81AB5EFCE00321DB9 /* UIPickerViewDelegateImplementationProxy.m in Sources */ = {isa = PBXBuildFile; fileRef = 61D6AE7F1AB5EFCE00321DB9 /* UIPickerViewDelegateImplementationProxy.m */; };
		61D6AEE91AB5EFCE00321DB9 /* UIPopoverControllerImplementationProxy.m in Sources */ = {isa = PBXBuildFile; fileRef = 61D6AE811AB5EFCE00321DB9 /* UIPopoverControllerImplementationProxy.m */; };
		61D6AEEA1AB5EFCE00321DB9 /* UIScrollViewDelegateImplementationProxy.m in Sources */ = {isa = PBXBuildFile; fileRef = 61D6AE831AB5EFCE00321DB9 /* UIScrollViewDelegateImplementationProxy.m */; };
		61D6AEEB1AB5EFCE00321DB9 /* UISearchBarDelegateImplementationProxy.m in Sources */ = {isa = PBXBuildFile; fileRef = 61D6AE851AB5EFCE00321DB9 /* UISearchBarDelegateImplementationProxy.m */; };
		61D6AEEC1AB5EFCE00321DB9 /* UITabbarControllerDelegateImplementationProxy.m in Sources */ = {isa = PBXBuildFile; fileRef = 61D6AE871AB5EFCE00321DB9 /* UITabbarControllerDelegateImplementationProxy.m */; };
		61D6AEED1AB5EFCE00321DB9 /* UITabbarDelegateImplementationProxy.m in Sources */ = {isa = PBXBuildFile; fileRef = 61D6AE891AB5EFCE00321DB9 /* UITabbarDelegateImplementationProxy.m */; };
		61D6AEEE1AB5EFCE00321DB9 /* UITableViewDelegateAndDataSourceImplementationProxy.m in Sources */ = {isa = PBXBuildFile; fileRef = 61D6AE8B1AB5EFCE00321DB9 /* UITableViewDelegateAndDataSourceImplementationProxy.m */; };
		61D6AEEF1AB5EFCE00321DB9 /* UITextFieldDelegateImplementationProxy.m in Sources */ = {isa = PBXBuildFile; fileRef = 61D6AE8D1AB5EFCE00321DB9 /* UITextFieldDelegateImplementationProxy.m */; };
		61D6AEF01AB5EFCE00321DB9 /* UITextViewDelegateImplementationProxy.m in Sources */ = {isa = PBXBuildFile; fileRef = 61D6AE8F1AB5EFCE00321DB9 /* UITextViewDelegateImplementationProxy.m */; };
		61D6AEF11AB5EFCE00321DB9 /* UIToolbarDelegateImplementationProxy.m in Sources */ = {isa = PBXBuildFile; fileRef = 61D6AE911AB5EFCE00321DB9 /* UIToolbarDelegateImplementationProxy.m */; };
		61D6AEF21AB5EFCE00321DB9 /* UIWebViewDelegateImplementationProxy.m in Sources */ = {isa = PBXBuildFile; fileRef = 61D6AE931AB5EFCE00321DB9 /* UIWebViewDelegateImplementationProxy.m */; };
		61D6AEF31AB5EFCE00321DB9 /* NSObject+GCProxyRegister.m in Sources */ = {isa = PBXBuildFile; fileRef = 61D6AE951AB5EFCE00321DB9 /* NSObject+GCProxyRegister.m */; };
		61D6AEF41AB5EFCE00321DB9 /* UICollectionView+GCDelegateAndDataSourceBlock.m in Sources */ = {isa = PBXBuildFile; fileRef = 61D6AE971AB5EFCE00321DB9 /* UICollectionView+GCDelegateAndDataSourceBlock.m */; };
		61D6AEF51AB5EFCE00321DB9 /* UIGestureRecognizer+GCDelegateBlock.m in Sources */ = {isa = PBXBuildFile; fileRef = 61D6AE9A1AB5EFCE00321DB9 /* UIGestureRecognizer+GCDelegateBlock.m */; };
		61D6AEF61AB5EFCE00321DB9 /* UIImagePickerController+GCDelegateBlock.m in Sources */ = {isa = PBXBuildFile; fileRef = 61D6AE9C1AB5EFCE00321DB9 /* UIImagePickerController+GCDelegateBlock.m */; };
		61D6AEF71AB5EFCE00321DB9 /* UINavigationBar+GCDelegateBlock.m in Sources */ = {isa = PBXBuildFile; fileRef = 61D6AE9E1AB5EFCE00321DB9 /* UINavigationBar+GCDelegateBlock.m */; };
		61D6AEF81AB5EFCE00321DB9 /* UINavigationController+GCDelegateBlock.m in Sources */ = {isa = PBXBuildFile; fileRef = 61D6AEA01AB5EFCE00321DB9 /* UINavigationController+GCDelegateBlock.m */; };
		61D6AEF91AB5EFCE00321DB9 /* UIPickerView+GCDelegateAndDataSourceBlock.m in Sources */ = {isa = PBXBuildFile; fileRef = 61D6AEA21AB5EFCE00321DB9 /* UIPickerView+GCDelegateAndDataSourceBlock.m */; };
		61D6AEFA1AB5EFCE00321DB9 /* UIPopoverController+GCDelegateBlock.m in Sources */ = {isa = PBXBuildFile; fileRef = 61D6AEA41AB5EFCE00321DB9 /* UIPopoverController+GCDelegateBlock.m */; };
		61D6AEFB1AB5EFCE00321DB9 /* UIScrollView+GCDelegateBlock.m in Sources */ = {isa = PBXBuildFile; fileRef = 61D6AEA61AB5EFCE00321DB9 /* UIScrollView+GCDelegateBlock.m */; };
		61D6AEFC1AB5EFCE00321DB9 /* UISearchBar+GCDelegateBlock.m in Sources */ = {isa = PBXBuildFile; fileRef = 61D6AEA81AB5EFCE00321DB9 /* UISearchBar+GCDelegateBlock.m */; };
		61D6AEFD1AB5EFCE00321DB9 /* UITabBar+GCDelegateBlock.m in Sources */ = {isa = PBXBuildFile; fileRef = 61D6AEAA1AB5EFCE00321DB9 /* UITabBar+GCDelegateBlock.m */; };
		61D6AEFE1AB5EFCE00321DB9 /* UITabBarController+GCDelegateBlock.m in Sources */ = {isa = PBXBuildFile; fileRef = 61D6AEAC1AB5EFCE00321DB9 /* UITabBarController+GCDelegateBlock.m */; };
		61D6AEFF1AB5EFCE00321DB9 /* UITableView+GCDelegateAndDataSourceBlock.m in Sources */ = {isa = PBXBuildFile; fileRef = 61D6AEAE1AB5EFCE00321DB9 /* UITableView+GCDelegateAndDataSourceBlock.m */; };
		61D6AF001AB5EFCE00321DB9 /* UITextField+GCDelegateBlock.m in Sources */ = {isa = PBXBuildFile; fileRef = 61D6AEB01AB5EFCE00321DB9 /* UITextField+GCDelegateBlock.m */; };
		61D6AF011AB5EFCE00321DB9 /* UITextView+GCDelegateBlock.m in Sources */ = {isa = PBXBuildFile; fileRef = 61D6AEB21AB5EFCE00321DB9 /* UITextView+GCDelegateBlock.m */; };
		61D6AF021AB5EFCE00321DB9 /* UIToolbar+GCDelegateBlock.m in Sources */ = {isa = PBXBuildFile; fileRef = 61D6AEB41AB5EFCE00321DB9 /* UIToolbar+GCDelegateBlock.m */; };
		61D6AF031AB5EFCE00321DB9 /* UIWebView+GCDelegateBlock.m in Sources */ = {isa = PBXBuildFile; fileRef = 61D6AEB61AB5EFCE00321DB9 /* UIWebView+GCDelegateBlock.m */; };
		61D6AF041AB5EFCE00321DB9 /* UICollectionView+GCDelegateAndDataSource.m in Sources */ = {isa = PBXBuildFile; fileRef = 61D6AEB81AB5EFCE00321DB9 /* UICollectionView+GCDelegateAndDataSource.m */; };
		61D6AF051AB5EFCE00321DB9 /* UIControl+GCEvent.m in Sources */ = {isa = PBXBuildFile; fileRef = 61D6AEBA1AB5EFCE00321DB9 /* UIControl+GCEvent.m */; };
		61D6AF061AB5EFCE00321DB9 /* UIGestureRecognizer+GCAction.m in Sources */ = {isa = PBXBuildFile; fileRef = 61D6AEBD1AB5EFCE00321DB9 /* UIGestureRecognizer+GCAction.m */; };
		61D6AF071AB5EFCE00321DB9 /* UIGestureRecognizer+GCDelegate.m in Sources */ = {isa = PBXBuildFile; fileRef = 61D6AEBF1AB5EFCE00321DB9 /* UIGestureRecognizer+GCDelegate.m */; };
		61D6AF081AB5EFCE00321DB9 /* UIImagePickerController+GCDelegate.m in Sources */ = {isa = PBXBuildFile; fileRef = 61D6AEC11AB5EFCE00321DB9 /* UIImagePickerController+GCDelegate.m */; };
		61D6AF091AB5EFCE00321DB9 /* UINavigationBar+GCDelegate.m in Sources */ = {isa = PBXBuildFile; fileRef = 61D6AEC31AB5EFCE00321DB9 /* UINavigationBar+GCDelegate.m */; };
		61D6AF0A1AB5EFCE00321DB9 /* UINavigationController+GCDelegate.m in Sources */ = {isa = PBXBuildFile; fileRef = 61D6AEC51AB5EFCE00321DB9 /* UINavigationController+GCDelegate.m */; };
		61D6AF0B1AB5EFCE00321DB9 /* UIPickerView+GCDelegateAndDataSource.m in Sources */ = {isa = PBXBuildFile; fileRef = 61D6AEC71AB5EFCE00321DB9 /* UIPickerView+GCDelegateAndDataSource.m */; };
		61D6AF0C1AB5EFCE00321DB9 /* UIPopoverController+GCDelegate.m in Sources */ = {isa = PBXBuildFile; fileRef = 61D6AEC91AB5EFCE00321DB9 /* UIPopoverController+GCDelegate.m */; };
		61D6AF0D1AB5EFCE00321DB9 /* UIScrollView+GCDelegate.m in Sources */ = {isa = PBXBuildFile; fileRef = 61D6AECB1AB5EFCE00321DB9 /* UIScrollView+GCDelegate.m */; };
		61D6AF0E1AB5EFCE00321DB9 /* UISearchBar+GCDelegate.m in Sources */ = {isa = PBXBuildFile; fileRef = 61D6AECD1AB5EFCE00321DB9 /* UISearchBar+GCDelegate.m */; };
		61D6AF0F1AB5EFCE00321DB9 /* UITabBar+GCDelegate.m in Sources */ = {isa = PBXBuildFile; fileRef = 61D6AECF1AB5EFCE00321DB9 /* UITabBar+GCDelegate.m */; };
		61D6AF101AB5EFCE00321DB9 /* UITabBarController+GCDelegate.m in Sources */ = {isa = PBXBuildFile; fileRef = 61D6AED11AB5EFCE00321DB9 /* UITabBarController+GCDelegate.m */; };
		61D6AF111AB5EFCE00321DB9 /* UITableView+GCDelegateAndDataSource.m in Sources */ = {isa = PBXBuildFile; fileRef = 61D6AED31AB5EFCE00321DB9 /* UITableView+GCDelegateAndDataSource.m */; };
		61D6AF121AB5EFCE00321DB9 /* UITextField+GCDelegate.m in Sources */ = {isa = PBXBuildFile; fileRef = 61D6AED51AB5EFCE00321DB9 /* UITextField+GCDelegate.m */; };
		61D6AF131AB5EFCE00321DB9 /* UITextView+GCDelegate.m in Sources */ = {isa = PBXBuildFile; fileRef = 61D6AED71AB5EFCE00321DB9 /* UITextView+GCDelegate.m */; };
		61D6AF141AB5EFCE00321DB9 /* UIToolbar+GCDelegate.m in Sources */ = {isa = PBXBuildFile; fileRef = 61D6AED91AB5EFCE00321DB9 /* UIToolbar+GCDelegate.m */; };
		61D6AF151AB5EFCE00321DB9 /* UIWebView+GCDelegate.m in Sources */ = {isa = PBXBuildFile; fileRef = 61D6AEDB1AB5EFCE00321DB9 /* UIWebView+GCDelegate.m */; };
/* End PBXBuildFile section */

/* Begin PBXContainerItemProxy section */
		61C11E6919EEB896000DD155 /* PBXContainerItemProxy */ = {
			isa = PBXContainerItemProxy;
			containerPortal = 61C11E4719EEB896000DD155 /* Project object */;
			proxyType = 1;
			remoteGlobalIDString = 61C11E4E19EEB896000DD155;
			remoteInfo = TargetActionDemo;
		};
/* End PBXContainerItemProxy section */

/* Begin PBXFileReference section */
		61C11E4F19EEB896000DD155 /* TargetActionDemo.app */ = {isa = PBXFileReference; explicitFileType = wrapper.application; includeInIndex = 0; path = TargetActionDemo.app; sourceTree = BUILT_PRODUCTS_DIR; };
		61C11E5319EEB896000DD155 /* Info.plist */ = {isa = PBXFileReference; lastKnownFileType = text.plist.xml; path = Info.plist; sourceTree = "<group>"; };
		61C11E5419EEB896000DD155 /* main.m */ = {isa = PBXFileReference; lastKnownFileType = sourcecode.c.objc; path = main.m; sourceTree = "<group>"; };
		61C11E5619EEB896000DD155 /* AppDelegate.h */ = {isa = PBXFileReference; lastKnownFileType = sourcecode.c.h; path = AppDelegate.h; sourceTree = "<group>"; };
		61C11E5719EEB896000DD155 /* AppDelegate.m */ = {isa = PBXFileReference; lastKnownFileType = sourcecode.c.objc; path = AppDelegate.m; sourceTree = "<group>"; };
		61C11E5919EEB896000DD155 /* ViewController.h */ = {isa = PBXFileReference; lastKnownFileType = sourcecode.c.h; path = ViewController.h; sourceTree = "<group>"; };
		61C11E5A19EEB896000DD155 /* ViewController.m */ = {isa = PBXFileReference; lastKnownFileType = sourcecode.c.objc; path = ViewController.m; sourceTree = "<group>"; };
		61C11E5D19EEB896000DD155 /* Base */ = {isa = PBXFileReference; lastKnownFileType = file.storyboard; name = Base; path = Base.lproj/Main.storyboard; sourceTree = "<group>"; };
		61C11E5F19EEB896000DD155 /* Images.xcassets */ = {isa = PBXFileReference; lastKnownFileType = folder.assetcatalog; path = Images.xcassets; sourceTree = "<group>"; };
		61C11E6219EEB896000DD155 /* Base */ = {isa = PBXFileReference; lastKnownFileType = file.xib; name = Base; path = Base.lproj/LaunchScreen.xib; sourceTree = "<group>"; };
		61C11E6819EEB896000DD155 /* TargetActionDemoTests.xctest */ = {isa = PBXFileReference; explicitFileType = wrapper.cfbundle; includeInIndex = 0; path = TargetActionDemoTests.xctest; sourceTree = BUILT_PRODUCTS_DIR; };
		61C11E6D19EEB896000DD155 /* Info.plist */ = {isa = PBXFileReference; lastKnownFileType = text.plist.xml; path = Info.plist; sourceTree = "<group>"; };
		61C11E6E19EEB896000DD155 /* TargetActionDemoTests.m */ = {isa = PBXFileReference; lastKnownFileType = sourcecode.c.objc; path = TargetActionDemoTests.m; sourceTree = "<group>"; };
		61D6AE5F1AB5EFCE00321DB9 /* GCExtension.h */ = {isa = PBXFileReference; fileEncoding = 4; lastKnownFileType = sourcecode.c.h; path = GCExtension.h; sourceTree = "<group>"; };
		61D6AE601AB5EFCE00321DB9 /* GCMacro.h */ = {isa = PBXFileReference; fileEncoding = 4; lastKnownFileType = sourcecode.c.h; path = GCMacro.h; sourceTree = "<group>"; };
		61D6AE621AB5EFCE00321DB9 /* GCAOPProxy.h */ = {isa = PBXFileReference; fileEncoding = 4; lastKnownFileType = sourcecode.c.h; path = GCAOPProxy.h; sourceTree = "<group>"; };
		61D6AE631AB5EFCE00321DB9 /* GCAOPProxy.m */ = {isa = PBXFileReference; fileEncoding = 4; lastKnownFileType = sourcecode.c.objc; path = GCAOPProxy.m; sourceTree = "<group>"; };
		61D6AE641AB5EFCE00321DB9 /* NSObject+GCAccessor.h */ = {isa = PBXFileReference; fileEncoding = 4; lastKnownFileType = sourcecode.c.h; path = "NSObject+GCAccessor.h"; sourceTree = "<group>"; };
		61D6AE651AB5EFCE00321DB9 /* NSObject+GCAccessor.m */ = {isa = PBXFileReference; fileEncoding = 4; lastKnownFileType = sourcecode.c.objc; path = "NSObject+GCAccessor.m"; sourceTree = "<group>"; };
		61D6AE661AB5EFCE00321DB9 /* NSObject+GCAOP.h */ = {isa = PBXFileReference; fileEncoding = 4; lastKnownFileType = sourcecode.c.h; path = "NSObject+GCAOP.h"; sourceTree = "<group>"; };
		61D6AE671AB5EFCE00321DB9 /* NSObject+GCAOP.m */ = {isa = PBXFileReference; fileEncoding = 4; lastKnownFileType = sourcecode.c.objc; path = "NSObject+GCAOP.m"; sourceTree = "<group>"; };
		61D6AE681AB5EFCE00321DB9 /* NSObject+GCKVO.h */ = {isa = PBXFileReference; fileEncoding = 4; lastKnownFileType = sourcecode.c.h; path = "NSObject+GCKVO.h"; sourceTree = "<group>"; };
		61D6AE691AB5EFCE00321DB9 /* NSObject+GCKVO.m */ = {isa = PBXFileReference; fileEncoding = 4; lastKnownFileType = sourcecode.c.objc; path = "NSObject+GCKVO.m"; sourceTree = "<group>"; };
		61D6AE6A1AB5EFCE00321DB9 /* NSObject+GCNotificationObserver.h */ = {isa = PBXFileReference; fileEncoding = 4; lastKnownFileType = sourcecode.c.h; path = "NSObject+GCNotificationObserver.h"; sourceTree = "<group>"; };
		61D6AE6B1AB5EFCE00321DB9 /* NSObject+GCNotificationObserver.m */ = {isa = PBXFileReference; fileEncoding = 4; lastKnownFileType = sourcecode.c.objc; path = "NSObject+GCNotificationObserver.m"; sourceTree = "<group>"; };
		61D6AE6C1AB5EFCE00321DB9 /* NSTimer+GCBlock.h */ = {isa = PBXFileReference; fileEncoding = 4; lastKnownFileType = sourcecode.c.h; path = "NSTimer+GCBlock.h"; sourceTree = "<group>"; };
		61D6AE6D1AB5EFCE00321DB9 /* NSTimer+GCBlock.m */ = {isa = PBXFileReference; fileEncoding = 4; lastKnownFileType = sourcecode.c.objc; path = "NSTimer+GCBlock.m"; sourceTree = "<group>"; };
		61D6AE6E1AB5EFCE00321DB9 /* ObjectExtensionKit.h */ = {isa = PBXFileReference; fileEncoding = 4; lastKnownFileType = sourcecode.c.h; path = ObjectExtensionKit.h; sourceTree = "<group>"; };
		61D6AE721AB5EFCE00321DB9 /* GCImplementationProxy.h */ = {isa = PBXFileReference; fileEncoding = 4; lastKnownFileType = sourcecode.c.h; path = GCImplementationProxy.h; sourceTree = "<group>"; };
		61D6AE731AB5EFCE00321DB9 /* GCImplementationProxy.m */ = {isa = PBXFileReference; fileEncoding = 4; lastKnownFileType = sourcecode.c.objc; path = GCImplementationProxy.m; sourceTree = "<group>"; };
		61D6AE741AB5EFCE00321DB9 /* UICollectionViewDelegateAndDataSourceImplementationProxy.h */ = {isa = PBXFileReference; fileEncoding = 4; lastKnownFileType = sourcecode.c.h; path = UICollectionViewDelegateAndDataSourceImplementationProxy.h; sourceTree = "<group>"; };
		61D6AE751AB5EFCE00321DB9 /* UICollectionViewDelegateAndDataSourceImplementationProxy.m */ = {isa = PBXFileReference; fileEncoding = 4; lastKnownFileType = sourcecode.c.objc; path = UICollectionViewDelegateAndDataSourceImplementationProxy.m; sourceTree = "<group>"; };
		61D6AE761AB5EFCE00321DB9 /* UIGestureRecognizerDelegateImplementProxy.h */ = {isa = PBXFileReference; fileEncoding = 4; lastKnownFileType = sourcecode.c.h; path = UIGestureRecognizerDelegateImplementProxy.h; sourceTree = "<group>"; };
		61D6AE771AB5EFCE00321DB9 /* UIGestureRecognizerDelegateImplementProxy.m */ = {isa = PBXFileReference; fileEncoding = 4; lastKnownFileType = sourcecode.c.objc; path = UIGestureRecognizerDelegateImplementProxy.m; sourceTree = "<group>"; };
		61D6AE781AB5EFCE00321DB9 /* UIImagePickerControllerDelegateImplementationProxy.h */ = {isa = PBXFileReference; fileEncoding = 4; lastKnownFileType = sourcecode.c.h; path = UIImagePickerControllerDelegateImplementationProxy.h; sourceTree = "<group>"; };
		61D6AE791AB5EFCE00321DB9 /* UIImagePickerControllerDelegateImplementationProxy.m */ = {isa = PBXFileReference; fileEncoding = 4; lastKnownFileType = sourcecode.c.objc; path = UIImagePickerControllerDelegateImplementationProxy.m; sourceTree = "<group>"; };
		61D6AE7A1AB5EFCE00321DB9 /* UINavigationBarDelegateImpletationProxy.h */ = {isa = PBXFileReference; fileEncoding = 4; lastKnownFileType = sourcecode.c.h; path = UINavigationBarDelegateImpletationProxy.h; sourceTree = "<group>"; };
		61D6AE7B1AB5EFCE00321DB9 /* UINavigationBarDelegateImpletationProxy.m */ = {isa = PBXFileReference; fileEncoding = 4; lastKnownFileType = sourcecode.c.objc; path = UINavigationBarDelegateImpletationProxy.m; sourceTree = "<group>"; };
		61D6AE7C1AB5EFCE00321DB9 /* UINavigationControllerDelegateImplementionProxy.h */ = {isa = PBXFileReference; fileEncoding = 4; lastKnownFileType = sourcecode.c.h; path = UINavigationControllerDelegateImplementionProxy.h; sourceTree = "<group>"; };
		61D6AE7D1AB5EFCE00321DB9 /* UINavigationControllerDelegateImplementionProxy.m */ = {isa = PBXFileReference; fileEncoding = 4; lastKnownFileType = sourcecode.c.objc; path = UINavigationControllerDelegateImplementionProxy.m; sourceTree = "<group>"; };
		61D6AE7E1AB5EFCE00321DB9 /* UIPickerViewDelegateImplementationProxy.h */ = {isa = PBXFileReference; fileEncoding = 4; lastKnownFileType = sourcecode.c.h; path = UIPickerViewDelegateImplementationProxy.h; sourceTree = "<group>"; };
		61D6AE7F1AB5EFCE00321DB9 /* UIPickerViewDelegateImplementationProxy.m */ = {isa = PBXFileReference; fileEncoding = 4; lastKnownFileType = sourcecode.c.objc; path = UIPickerViewDelegateImplementationProxy.m; sourceTree = "<group>"; };
		61D6AE801AB5EFCE00321DB9 /* UIPopoverControllerImplementationProxy.h */ = {isa = PBXFileReference; fileEncoding = 4; lastKnownFileType = sourcecode.c.h; path = UIPopoverControllerImplementationProxy.h; sourceTree = "<group>"; };
		61D6AE811AB5EFCE00321DB9 /* UIPopoverControllerImplementationProxy.m */ = {isa = PBXFileReference; fileEncoding = 4; lastKnownFileType = sourcecode.c.objc; path = UIPopoverControllerImplementationProxy.m; sourceTree = "<group>"; };
		61D6AE821AB5EFCE00321DB9 /* UIScrollViewDelegateImplementationProxy.h */ = {isa = PBXFileReference; fileEncoding = 4; lastKnownFileType = sourcecode.c.h; path = UIScrollViewDelegateImplementationProxy.h; sourceTree = "<group>"; };
		61D6AE831AB5EFCE00321DB9 /* UIScrollViewDelegateImplementationProxy.m */ = {isa = PBXFileReference; fileEncoding = 4; lastKnownFileType = sourcecode.c.objc; path = UIScrollViewDelegateImplementationProxy.m; sourceTree = "<group>"; };
		61D6AE841AB5EFCE00321DB9 /* UISearchBarDelegateImplementationProxy.h */ = {isa = PBXFileReference; fileEncoding = 4; lastKnownFileType = sourcecode.c.h; path = UISearchBarDelegateImplementationProxy.h; sourceTree = "<group>"; };
		61D6AE851AB5EFCE00321DB9 /* UISearchBarDelegateImplementationProxy.m */ = {isa = PBXFileReference; fileEncoding = 4; lastKnownFileType = sourcecode.c.objc; path = UISearchBarDelegateImplementationProxy.m; sourceTree = "<group>"; };
		61D6AE861AB5EFCE00321DB9 /* UITabbarControllerDelegateImplementationProxy.h */ = {isa = PBXFileReference; fileEncoding = 4; lastKnownFileType = sourcecode.c.h; path = UITabbarControllerDelegateImplementationProxy.h; sourceTree = "<group>"; };
		61D6AE871AB5EFCE00321DB9 /* UITabbarControllerDelegateImplementationProxy.m */ = {isa = PBXFileReference; fileEncoding = 4; lastKnownFileType = sourcecode.c.objc; path = UITabbarControllerDelegateImplementationProxy.m; sourceTree = "<group>"; };
		61D6AE881AB5EFCE00321DB9 /* UITabbarDelegateImplementationProxy.h */ = {isa = PBXFileReference; fileEncoding = 4; lastKnownFileType = sourcecode.c.h; path = UITabbarDelegateImplementationProxy.h; sourceTree = "<group>"; };
		61D6AE891AB5EFCE00321DB9 /* UITabbarDelegateImplementationProxy.m */ = {isa = PBXFileReference; fileEncoding = 4; lastKnownFileType = sourcecode.c.objc; path = UITabbarDelegateImplementationProxy.m; sourceTree = "<group>"; };
		61D6AE8A1AB5EFCE00321DB9 /* UITableViewDelegateAndDataSourceImplementationProxy.h */ = {isa = PBXFileReference; fileEncoding = 4; lastKnownFileType = sourcecode.c.h; path = UITableViewDelegateAndDataSourceImplementationProxy.h; sourceTree = "<group>"; };
		61D6AE8B1AB5EFCE00321DB9 /* UITableViewDelegateAndDataSourceImplementationProxy.m */ = {isa = PBXFileReference; fileEncoding = 4; lastKnownFileType = sourcecode.c.objc; path = UITableViewDelegateAndDataSourceImplementationProxy.m; sourceTree = "<group>"; };
		61D6AE8C1AB5EFCE00321DB9 /* UITextFieldDelegateImplementationProxy.h */ = {isa = PBXFileReference; fileEncoding = 4; lastKnownFileType = sourcecode.c.h; path = UITextFieldDelegateImplementationProxy.h; sourceTree = "<group>"; };
		61D6AE8D1AB5EFCE00321DB9 /* UITextFieldDelegateImplementationProxy.m */ = {isa = PBXFileReference; fileEncoding = 4; lastKnownFileType = sourcecode.c.objc; path = UITextFieldDelegateImplementationProxy.m; sourceTree = "<group>"; };
		61D6AE8E1AB5EFCE00321DB9 /* UITextViewDelegateImplementationProxy.h */ = {isa = PBXFileReference; fileEncoding = 4; lastKnownFileType = sourcecode.c.h; path = UITextViewDelegateImplementationProxy.h; sourceTree = "<group>"; };
		61D6AE8F1AB5EFCE00321DB9 /* UITextViewDelegateImplementationProxy.m */ = {isa = PBXFileReference; fileEncoding = 4; lastKnownFileType = sourcecode.c.objc; path = UITextViewDelegateImplementationProxy.m; sourceTree = "<group>"; };
		61D6AE901AB5EFCE00321DB9 /* UIToolbarDelegateImplementationProxy.h */ = {isa = PBXFileReference; fileEncoding = 4; lastKnownFileType = sourcecode.c.h; path = UIToolbarDelegateImplementationProxy.h; sourceTree = "<group>"; };
		61D6AE911AB5EFCE00321DB9 /* UIToolbarDelegateImplementationProxy.m */ = {isa = PBXFileReference; fileEncoding = 4; lastKnownFileType = sourcecode.c.objc; path = UIToolbarDelegateImplementationProxy.m; sourceTree = "<group>"; };
		61D6AE921AB5EFCE00321DB9 /* UIWebViewDelegateImplementationProxy.h */ = {isa = PBXFileReference; fileEncoding = 4; lastKnownFileType = sourcecode.c.h; path = UIWebViewDelegateImplementationProxy.h; sourceTree = "<group>"; };
		61D6AE931AB5EFCE00321DB9 /* UIWebViewDelegateImplementationProxy.m */ = {isa = PBXFileReference; fileEncoding = 4; lastKnownFileType = sourcecode.c.objc; path = UIWebViewDelegateImplementationProxy.m; sourceTree = "<group>"; };
		61D6AE941AB5EFCE00321DB9 /* NSObject+GCProxyRegister.h */ = {isa = PBXFileReference; fileEncoding = 4; lastKnownFileType = sourcecode.c.h; path = "NSObject+GCProxyRegister.h"; sourceTree = "<group>"; };
		61D6AE951AB5EFCE00321DB9 /* NSObject+GCProxyRegister.m */ = {isa = PBXFileReference; fileEncoding = 4; lastKnownFileType = sourcecode.c.objc; path = "NSObject+GCProxyRegister.m"; sourceTree = "<group>"; };
		61D6AE961AB5EFCE00321DB9 /* UICollectionView+GCDelegateAndDataSourceBlock.h */ = {isa = PBXFileReference; fileEncoding = 4; lastKnownFileType = sourcecode.c.h; path = "UICollectionView+GCDelegateAndDataSourceBlock.h"; sourceTree = "<group>"; };
		61D6AE971AB5EFCE00321DB9 /* UICollectionView+GCDelegateAndDataSourceBlock.m */ = {isa = PBXFileReference; fileEncoding = 4; lastKnownFileType = sourcecode.c.objc; path = "UICollectionView+GCDelegateAndDataSourceBlock.m"; sourceTree = "<group>"; };
		61D6AE981AB5EFCE00321DB9 /* UIExtension_Private.h */ = {isa = PBXFileReference; fileEncoding = 4; lastKnownFileType = sourcecode.c.h; path = UIExtension_Private.h; sourceTree = "<group>"; };
		61D6AE991AB5EFCE00321DB9 /* UIGestureRecognizer+GCDelegateBlock.h */ = {isa = PBXFileReference; fileEncoding = 4; lastKnownFileType = sourcecode.c.h; path = "UIGestureRecognizer+GCDelegateBlock.h"; sourceTree = "<group>"; };
		61D6AE9A1AB5EFCE00321DB9 /* UIGestureRecognizer+GCDelegateBlock.m */ = {isa = PBXFileReference; fileEncoding = 4; lastKnownFileType = sourcecode.c.objc; path = "UIGestureRecognizer+GCDelegateBlock.m"; sourceTree = "<group>"; };
		61D6AE9B1AB5EFCE00321DB9 /* UIImagePickerController+GCDelegateBlock.h */ = {isa = PBXFileReference; fileEncoding = 4; lastKnownFileType = sourcecode.c.h; path = "UIImagePickerController+GCDelegateBlock.h"; sourceTree = "<group>"; };
		61D6AE9C1AB5EFCE00321DB9 /* UIImagePickerController+GCDelegateBlock.m */ = {isa = PBXFileReference; fileEncoding = 4; lastKnownFileType = sourcecode.c.objc; path = "UIImagePickerController+GCDelegateBlock.m"; sourceTree = "<group>"; };
		61D6AE9D1AB5EFCE00321DB9 /* UINavigationBar+GCDelegateBlock.h */ = {isa = PBXFileReference; fileEncoding = 4; lastKnownFileType = sourcecode.c.h; path = "UINavigationBar+GCDelegateBlock.h"; sourceTree = "<group>"; };
		61D6AE9E1AB5EFCE00321DB9 /* UINavigationBar+GCDelegateBlock.m */ = {isa = PBXFileReference; fileEncoding = 4; lastKnownFileType = sourcecode.c.objc; path = "UINavigationBar+GCDelegateBlock.m"; sourceTree = "<group>"; };
		61D6AE9F1AB5EFCE00321DB9 /* UINavigationController+GCDelegateBlock.h */ = {isa = PBXFileReference; fileEncoding = 4; lastKnownFileType = sourcecode.c.h; path = "UINavigationController+GCDelegateBlock.h"; sourceTree = "<group>"; };
		61D6AEA01AB5EFCE00321DB9 /* UINavigationController+GCDelegateBlock.m */ = {isa = PBXFileReference; fileEncoding = 4; lastKnownFileType = sourcecode.c.objc; path = "UINavigationController+GCDelegateBlock.m"; sourceTree = "<group>"; };
		61D6AEA11AB5EFCE00321DB9 /* UIPickerView+GCDelegateAndDataSourceBlock.h */ = {isa = PBXFileReference; fileEncoding = 4; lastKnownFileType = sourcecode.c.h; path = "UIPickerView+GCDelegateAndDataSourceBlock.h"; sourceTree = "<group>"; };
		61D6AEA21AB5EFCE00321DB9 /* UIPickerView+GCDelegateAndDataSourceBlock.m */ = {isa = PBXFileReference; fileEncoding = 4; lastKnownFileType = sourcecode.c.objc; path = "UIPickerView+GCDelegateAndDataSourceBlock.m"; sourceTree = "<group>"; };
		61D6AEA31AB5EFCE00321DB9 /* UIPopoverController+GCDelegateBlock.h */ = {isa = PBXFileReference; fileEncoding = 4; lastKnownFileType = sourcecode.c.h; path = "UIPopoverController+GCDelegateBlock.h"; sourceTree = "<group>"; };
		61D6AEA41AB5EFCE00321DB9 /* UIPopoverController+GCDelegateBlock.m */ = {isa = PBXFileReference; fileEncoding = 4; lastKnownFileType = sourcecode.c.objc; path = "UIPopoverController+GCDelegateBlock.m"; sourceTree = "<group>"; };
		61D6AEA51AB5EFCE00321DB9 /* UIScrollView+GCDelegateBlock.h */ = {isa = PBXFileReference; fileEncoding = 4; lastKnownFileType = sourcecode.c.h; path = "UIScrollView+GCDelegateBlock.h"; sourceTree = "<group>"; };
		61D6AEA61AB5EFCE00321DB9 /* UIScrollView+GCDelegateBlock.m */ = {isa = PBXFileReference; fileEncoding = 4; lastKnownFileType = sourcecode.c.objc; path = "UIScrollView+GCDelegateBlock.m"; sourceTree = "<group>"; };
		61D6AEA71AB5EFCE00321DB9 /* UISearchBar+GCDelegateBlock.h */ = {isa = PBXFileReference; fileEncoding = 4; lastKnownFileType = sourcecode.c.h; path = "UISearchBar+GCDelegateBlock.h"; sourceTree = "<group>"; };
		61D6AEA81AB5EFCE00321DB9 /* UISearchBar+GCDelegateBlock.m */ = {isa = PBXFileReference; fileEncoding = 4; lastKnownFileType = sourcecode.c.objc; path = "UISearchBar+GCDelegateBlock.m"; sourceTree = "<group>"; };
		61D6AEA91AB5EFCE00321DB9 /* UITabBar+GCDelegateBlock.h */ = {isa = PBXFileReference; fileEncoding = 4; lastKnownFileType = sourcecode.c.h; path = "UITabBar+GCDelegateBlock.h"; sourceTree = "<group>"; };
		61D6AEAA1AB5EFCE00321DB9 /* UITabBar+GCDelegateBlock.m */ = {isa = PBXFileReference; fileEncoding = 4; lastKnownFileType = sourcecode.c.objc; path = "UITabBar+GCDelegateBlock.m"; sourceTree = "<group>"; };
		61D6AEAB1AB5EFCE00321DB9 /* UITabBarController+GCDelegateBlock.h */ = {isa = PBXFileReference; fileEncoding = 4; lastKnownFileType = sourcecode.c.h; path = "UITabBarController+GCDelegateBlock.h"; sourceTree = "<group>"; };
		61D6AEAC1AB5EFCE00321DB9 /* UITabBarController+GCDelegateBlock.m */ = {isa = PBXFileReference; fileEncoding = 4; lastKnownFileType = sourcecode.c.objc; path = "UITabBarController+GCDelegateBlock.m"; sourceTree = "<group>"; };
		61D6AEAD1AB5EFCE00321DB9 /* UITableView+GCDelegateAndDataSourceBlock.h */ = {isa = PBXFileReference; fileEncoding = 4; lastKnownFileType = sourcecode.c.h; path = "UITableView+GCDelegateAndDataSourceBlock.h"; sourceTree = "<group>"; };
		61D6AEAE1AB5EFCE00321DB9 /* UITableView+GCDelegateAndDataSourceBlock.m */ = {isa = PBXFileReference; fileEncoding = 4; lastKnownFileType = sourcecode.c.objc; path = "UITableView+GCDelegateAndDataSourceBlock.m"; sourceTree = "<group>"; };
		61D6AEAF1AB5EFCE00321DB9 /* UITextField+GCDelegateBlock.h */ = {isa = PBXFileReference; fileEncoding = 4; lastKnownFileType = sourcecode.c.h; path = "UITextField+GCDelegateBlock.h"; sourceTree = "<group>"; };
		61D6AEB01AB5EFCE00321DB9 /* UITextField+GCDelegateBlock.m */ = {isa = PBXFileReference; fileEncoding = 4; lastKnownFileType = sourcecode.c.objc; path = "UITextField+GCDelegateBlock.m"; sourceTree = "<group>"; };
		61D6AEB11AB5EFCE00321DB9 /* UITextView+GCDelegateBlock.h */ = {isa = PBXFileReference; fileEncoding = 4; lastKnownFileType = sourcecode.c.h; path = "UITextView+GCDelegateBlock.h"; sourceTree = "<group>"; };
		61D6AEB21AB5EFCE00321DB9 /* UITextView+GCDelegateBlock.m */ = {isa = PBXFileReference; fileEncoding = 4; lastKnownFileType = sourcecode.c.objc; path = "UITextView+GCDelegateBlock.m"; sourceTree = "<group>"; };
		61D6AEB31AB5EFCE00321DB9 /* UIToolbar+GCDelegateBlock.h */ = {isa = PBXFileReference; fileEncoding = 4; lastKnownFileType = sourcecode.c.h; path = "UIToolbar+GCDelegateBlock.h"; sourceTree = "<group>"; };
		61D6AEB41AB5EFCE00321DB9 /* UIToolbar+GCDelegateBlock.m */ = {isa = PBXFileReference; fileEncoding = 4; lastKnownFileType = sourcecode.c.objc; path = "UIToolbar+GCDelegateBlock.m"; sourceTree = "<group>"; };
		61D6AEB51AB5EFCE00321DB9 /* UIWebView+GCDelegateBlock.h */ = {isa = PBXFileReference; fileEncoding = 4; lastKnownFileType = sourcecode.c.h; path = "UIWebView+GCDelegateBlock.h"; sourceTree = "<group>"; };
		61D6AEB61AB5EFCE00321DB9 /* UIWebView+GCDelegateBlock.m */ = {isa = PBXFileReference; fileEncoding = 4; lastKnownFileType = sourcecode.c.objc; path = "UIWebView+GCDelegateBlock.m"; sourceTree = "<group>"; };
		61D6AEB71AB5EFCE00321DB9 /* UICollectionView+GCDelegateAndDataSource.h */ = {isa = PBXFileReference; fileEncoding = 4; lastKnownFileType = sourcecode.c.h; path = "UICollectionView+GCDelegateAndDataSource.h"; sourceTree = "<group>"; };
		61D6AEB81AB5EFCE00321DB9 /* UICollectionView+GCDelegateAndDataSource.m */ = {isa = PBXFileReference; fileEncoding = 4; lastKnownFileType = sourcecode.c.objc; path = "UICollectionView+GCDelegateAndDataSource.m"; sourceTree = "<group>"; };
		61D6AEB91AB5EFCE00321DB9 /* UIControl+GCEvent.h */ = {isa = PBXFileReference; fileEncoding = 4; lastKnownFileType = sourcecode.c.h; path = "UIControl+GCEvent.h"; sourceTree = "<group>"; };
		61D6AEBA1AB5EFCE00321DB9 /* UIControl+GCEvent.m */ = {isa = PBXFileReference; fileEncoding = 4; lastKnownFileType = sourcecode.c.objc; path = "UIControl+GCEvent.m"; sourceTree = "<group>"; };
		61D6AEBB1AB5EFCE00321DB9 /* UIExtensionKit.h */ = {isa = PBXFileReference; fileEncoding = 4; lastKnownFileType = sourcecode.c.h; path = UIExtensionKit.h; sourceTree = "<group>"; };
		61D6AEBC1AB5EFCE00321DB9 /* UIGestureRecognizer+GCAction.h */ = {isa = PBXFileReference; fileEncoding = 4; lastKnownFileType = sourcecode.c.h; path = "UIGestureRecognizer+GCAction.h"; sourceTree = "<group>"; };
		61D6AEBD1AB5EFCE00321DB9 /* UIGestureRecognizer+GCAction.m */ = {isa = PBXFileReference; fileEncoding = 4; lastKnownFileType = sourcecode.c.objc; path = "UIGestureRecognizer+GCAction.m"; sourceTree = "<group>"; };
		61D6AEBE1AB5EFCE00321DB9 /* UIGestureRecognizer+GCDelegate.h */ = {isa = PBXFileReference; fileEncoding = 4; lastKnownFileType = sourcecode.c.h; path = "UIGestureRecognizer+GCDelegate.h"; sourceTree = "<group>"; };
		61D6AEBF1AB5EFCE00321DB9 /* UIGestureRecognizer+GCDelegate.m */ = {isa = PBXFileReference; fileEncoding = 4; lastKnownFileType = sourcecode.c.objc; path = "UIGestureRecognizer+GCDelegate.m"; sourceTree = "<group>"; };
		61D6AEC01AB5EFCE00321DB9 /* UIImagePickerController+GCDelegate.h */ = {isa = PBXFileReference; fileEncoding = 4; lastKnownFileType = sourcecode.c.h; path = "UIImagePickerController+GCDelegate.h"; sourceTree = "<group>"; };
		61D6AEC11AB5EFCE00321DB9 /* UIImagePickerController+GCDelegate.m */ = {isa = PBXFileReference; fileEncoding = 4; lastKnownFileType = sourcecode.c.objc; path = "UIImagePickerController+GCDelegate.m"; sourceTree = "<group>"; };
		61D6AEC21AB5EFCE00321DB9 /* UINavigationBar+GCDelegate.h */ = {isa = PBXFileReference; fileEncoding = 4; lastKnownFileType = sourcecode.c.h; path = "UINavigationBar+GCDelegate.h"; sourceTree = "<group>"; };
		61D6AEC31AB5EFCE00321DB9 /* UINavigationBar+GCDelegate.m */ = {isa = PBXFileReference; fileEncoding = 4; lastKnownFileType = sourcecode.c.objc; path = "UINavigationBar+GCDelegate.m"; sourceTree = "<group>"; };
		61D6AEC41AB5EFCE00321DB9 /* UINavigationController+GCDelegate.h */ = {isa = PBXFileReference; fileEncoding = 4; lastKnownFileType = sourcecode.c.h; path = "UINavigationController+GCDelegate.h"; sourceTree = "<group>"; };
		61D6AEC51AB5EFCE00321DB9 /* UINavigationController+GCDelegate.m */ = {isa = PBXFileReference; fileEncoding = 4; lastKnownFileType = sourcecode.c.objc; path = "UINavigationController+GCDelegate.m"; sourceTree = "<group>"; };
		61D6AEC61AB5EFCE00321DB9 /* UIPickerView+GCDelegateAndDataSource.h */ = {isa = PBXFileReference; fileEncoding = 4; lastKnownFileType = sourcecode.c.h; path = "UIPickerView+GCDelegateAndDataSource.h"; sourceTree = "<group>"; };
		61D6AEC71AB5EFCE00321DB9 /* UIPickerView+GCDelegateAndDataSource.m */ = {isa = PBXFileReference; fileEncoding = 4; lastKnownFileType = sourcecode.c.objc; path = "UIPickerView+GCDelegateAndDataSource.m"; sourceTree = "<group>"; };
		61D6AEC81AB5EFCE00321DB9 /* UIPopoverController+GCDelegate.h */ = {isa = PBXFileReference; fileEncoding = 4; lastKnownFileType = sourcecode.c.h; path = "UIPopoverController+GCDelegate.h"; sourceTree = "<group>"; };
		61D6AEC91AB5EFCE00321DB9 /* UIPopoverController+GCDelegate.m */ = {isa = PBXFileReference; fileEncoding = 4; lastKnownFileType = sourcecode.c.objc; path = "UIPopoverController+GCDelegate.m"; sourceTree = "<group>"; };
		61D6AECA1AB5EFCE00321DB9 /* UIScrollView+GCDelegate.h */ = {isa = PBXFileReference; fileEncoding = 4; lastKnownFileType = sourcecode.c.h; path = "UIScrollView+GCDelegate.h"; sourceTree = "<group>"; };
		61D6AECB1AB5EFCE00321DB9 /* UIScrollView+GCDelegate.m */ = {isa = PBXFileReference; fileEncoding = 4; lastKnownFileType = sourcecode.c.objc; path = "UIScrollView+GCDelegate.m"; sourceTree = "<group>"; };
		61D6AECC1AB5EFCE00321DB9 /* UISearchBar+GCDelegate.h */ = {isa = PBXFileReference; fileEncoding = 4; lastKnownFileType = sourcecode.c.h; path = "UISearchBar+GCDelegate.h"; sourceTree = "<group>"; };
		61D6AECD1AB5EFCE00321DB9 /* UISearchBar+GCDelegate.m */ = {isa = PBXFileReference; fileEncoding = 4; lastKnownFileType = sourcecode.c.objc; path = "UISearchBar+GCDelegate.m"; sourceTree = "<group>"; };
		61D6AECE1AB5EFCE00321DB9 /* UITabBar+GCDelegate.h */ = {isa = PBXFileReference; fileEncoding = 4; lastKnownFileType = sourcecode.c.h; path = "UITabBar+GCDelegate.h"; sourceTree = "<group>"; };
		61D6AECF1AB5EFCE00321DB9 /* UITabBar+GCDelegate.m */ = {isa = PBXFileReference; fileEncoding = 4; lastKnownFileType = sourcecode.c.objc; path = "UITabBar+GCDelegate.m"; sourceTree = "<group>"; };
		61D6AED01AB5EFCE00321DB9 /* UITabBarController+GCDelegate.h */ = {isa = PBXFileReference; fileEncoding = 4; lastKnownFileType = sourcecode.c.h; path = "UITabBarController+GCDelegate.h"; sourceTree = "<group>"; };
		61D6AED11AB5EFCE00321DB9 /* UITabBarController+GCDelegate.m */ = {isa = PBXFileReference; fileEncoding = 4; lastKnownFileType = sourcecode.c.objc; path = "UITabBarController+GCDelegate.m"; sourceTree = "<group>"; };
		61D6AED21AB5EFCE00321DB9 /* UITableView+GCDelegateAndDataSource.h */ = {isa = PBXFileReference; fileEncoding = 4; lastKnownFileType = sourcecode.c.h; path = "UITableView+GCDelegateAndDataSource.h"; sourceTree = "<group>"; };
		61D6AED31AB5EFCE00321DB9 /* UITableView+GCDelegateAndDataSource.m */ = {isa = PBXFileReference; fileEncoding = 4; lastKnownFileType = sourcecode.c.objc; path = "UITableView+GCDelegateAndDataSource.m"; sourceTree = "<group>"; };
		61D6AED41AB5EFCE00321DB9 /* UITextField+GCDelegate.h */ = {isa = PBXFileReference; fileEncoding = 4; lastKnownFileType = sourcecode.c.h; path = "UITextField+GCDelegate.h"; sourceTree = "<group>"; };
		61D6AED51AB5EFCE00321DB9 /* UITextField+GCDelegate.m */ = {isa = PBXFileReference; fileEncoding = 4; lastKnownFileType = sourcecode.c.objc; path = "UITextField+GCDelegate.m"; sourceTree = "<group>"; };
		61D6AED61AB5EFCE00321DB9 /* UITextView+GCDelegate.h */ = {isa = PBXFileReference; fileEncoding = 4; lastKnownFileType = sourcecode.c.h; path = "UITextView+GCDelegate.h"; sourceTree = "<group>"; };
		61D6AED71AB5EFCE00321DB9 /* UITextView+GCDelegate.m */ = {isa = PBXFileReference; fileEncoding = 4; lastKnownFileType = sourcecode.c.objc; path = "UITextView+GCDelegate.m"; sourceTree = "<group>"; };
		61D6AED81AB5EFCE00321DB9 /* UIToolbar+GCDelegate.h */ = {isa = PBXFileReference; fileEncoding = 4; lastKnownFileType = sourcecode.c.h; path = "UIToolbar+GCDelegate.h"; sourceTree = "<group>"; };
		61D6AED91AB5EFCE00321DB9 /* UIToolbar+GCDelegate.m */ = {isa = PBXFileReference; fileEncoding = 4; lastKnownFileType = sourcecode.c.objc; path = "UIToolbar+GCDelegate.m"; sourceTree = "<group>"; };
		61D6AEDA1AB5EFCE00321DB9 /* UIWebView+GCDelegate.h */ = {isa = PBXFileReference; fileEncoding = 4; lastKnownFileType = sourcecode.c.h; path = "UIWebView+GCDelegate.h"; sourceTree = "<group>"; };
		61D6AEDB1AB5EFCE00321DB9 /* UIWebView+GCDelegate.m */ = {isa = PBXFileReference; fileEncoding = 4; lastKnownFileType = sourcecode.c.objc; path = "UIWebView+GCDelegate.m"; sourceTree = "<group>"; };
/* End PBXFileReference section */

/* Begin PBXFrameworksBuildPhase section */
		61C11E4C19EEB896000DD155 /* Frameworks */ = {
			isa = PBXFrameworksBuildPhase;
			buildActionMask = 2147483647;
			files = (
			);
			runOnlyForDeploymentPostprocessing = 0;
		};
		61C11E6519EEB896000DD155 /* Frameworks */ = {
			isa = PBXFrameworksBuildPhase;
			buildActionMask = 2147483647;
			files = (
			);
			runOnlyForDeploymentPostprocessing = 0;
		};
/* End PBXFrameworksBuildPhase section */

/* Begin PBXGroup section */
		61C11E4619EEB896000DD155 = {
			isa = PBXGroup;
			children = (
				61D6AE5E1AB5EFCE00321DB9 /* GCExtension */,
				61C11E5119EEB896000DD155 /* TargetActionDemo */,
				61C11E6B19EEB896000DD155 /* TargetActionDemoTests */,
				61C11E5019EEB896000DD155 /* Products */,
			);
			sourceTree = "<group>";
		};
		61C11E5019EEB896000DD155 /* Products */ = {
			isa = PBXGroup;
			children = (
				61C11E4F19EEB896000DD155 /* TargetActionDemo.app */,
				61C11E6819EEB896000DD155 /* TargetActionDemoTests.xctest */,
			);
			name = Products;
			sourceTree = "<group>";
		};
		61C11E5119EEB896000DD155 /* TargetActionDemo */ = {
			isa = PBXGroup;
			children = (
				61C11E5619EEB896000DD155 /* AppDelegate.h */,
				61C11E5719EEB896000DD155 /* AppDelegate.m */,
				61C11E5919EEB896000DD155 /* ViewController.h */,
				61C11E5A19EEB896000DD155 /* ViewController.m */,
				61C11E5C19EEB896000DD155 /* Main.storyboard */,
				61C11E5F19EEB896000DD155 /* Images.xcassets */,
				61C11E6119EEB896000DD155 /* LaunchScreen.xib */,
				61C11E5219EEB896000DD155 /* Supporting Files */,
			);
			path = TargetActionDemo;
			sourceTree = "<group>";
		};
		61C11E5219EEB896000DD155 /* Supporting Files */ = {
			isa = PBXGroup;
			children = (
				61C11E5319EEB896000DD155 /* Info.plist */,
				61C11E5419EEB896000DD155 /* main.m */,
			);
			name = "Supporting Files";
			sourceTree = "<group>";
		};
		61C11E6B19EEB896000DD155 /* TargetActionDemoTests */ = {
			isa = PBXGroup;
			children = (
				61C11E6E19EEB896000DD155 /* TargetActionDemoTests.m */,
				61C11E6C19EEB896000DD155 /* Supporting Files */,
			);
			path = TargetActionDemoTests;
			sourceTree = "<group>";
		};
		61C11E6C19EEB896000DD155 /* Supporting Files */ = {
			isa = PBXGroup;
			children = (
				61C11E6D19EEB896000DD155 /* Info.plist */,
			);
			name = "Supporting Files";
			sourceTree = "<group>";
		};
		61D6AE5E1AB5EFCE00321DB9 /* GCExtension */ = {
			isa = PBXGroup;
			children = (
				61D6AE5F1AB5EFCE00321DB9 /* GCExtension.h */,
				61D6AE601AB5EFCE00321DB9 /* GCMacro.h */,
				61D6AE611AB5EFCE00321DB9 /* ObjectKit */,
				61D6AE6F1AB5EFCE00321DB9 /* UIKit */,
			);
			name = GCExtension;
			path = ../GCExtension/GCExtension;
			sourceTree = "<group>";
		};
		61D6AE611AB5EFCE00321DB9 /* ObjectKit */ = {
			isa = PBXGroup;
			children = (
				61D6AE621AB5EFCE00321DB9 /* GCAOPProxy.h */,
				61D6AE631AB5EFCE00321DB9 /* GCAOPProxy.m */,
				61D6AE641AB5EFCE00321DB9 /* NSObject+GCAccessor.h */,
				61D6AE651AB5EFCE00321DB9 /* NSObject+GCAccessor.m */,
				61D6AE661AB5EFCE00321DB9 /* NSObject+GCAOP.h */,
				61D6AE671AB5EFCE00321DB9 /* NSObject+GCAOP.m */,
				61D6AE681AB5EFCE00321DB9 /* NSObject+GCKVO.h */,
				61D6AE691AB5EFCE00321DB9 /* NSObject+GCKVO.m */,
				61D6AE6A1AB5EFCE00321DB9 /* NSObject+GCNotificationObserver.h */,
				61D6AE6B1AB5EFCE00321DB9 /* NSObject+GCNotificationObserver.m */,
				61D6AE6C1AB5EFCE00321DB9 /* NSTimer+GCBlock.h */,
				61D6AE6D1AB5EFCE00321DB9 /* NSTimer+GCBlock.m */,
				61D6AE6E1AB5EFCE00321DB9 /* ObjectExtensionKit.h */,
			);
			path = ObjectKit;
			sourceTree = "<group>";
		};
		61D6AE6F1AB5EFCE00321DB9 /* UIKit */ = {
			isa = PBXGroup;
			children = (
				61D6AE701AB5EFCE00321DB9 /* private */,
				61D6AEB71AB5EFCE00321DB9 /* UICollectionView+GCDelegateAndDataSource.h */,
				61D6AEB81AB5EFCE00321DB9 /* UICollectionView+GCDelegateAndDataSource.m */,
				61D6AEB91AB5EFCE00321DB9 /* UIControl+GCEvent.h */,
				61D6AEBA1AB5EFCE00321DB9 /* UIControl+GCEvent.m */,
				61D6AEBB1AB5EFCE00321DB9 /* UIExtensionKit.h */,
				61D6AEBC1AB5EFCE00321DB9 /* UIGestureRecognizer+GCAction.h */,
				61D6AEBD1AB5EFCE00321DB9 /* UIGestureRecognizer+GCAction.m */,
				61D6AEBE1AB5EFCE00321DB9 /* UIGestureRecognizer+GCDelegate.h */,
				61D6AEBF1AB5EFCE00321DB9 /* UIGestureRecognizer+GCDelegate.m */,
				61D6AEC01AB5EFCE00321DB9 /* UIImagePickerController+GCDelegate.h */,
				61D6AEC11AB5EFCE00321DB9 /* UIImagePickerController+GCDelegate.m */,
				61D6AEC21AB5EFCE00321DB9 /* UINavigationBar+GCDelegate.h */,
				61D6AEC31AB5EFCE00321DB9 /* UINavigationBar+GCDelegate.m */,
				61D6AEC41AB5EFCE00321DB9 /* UINavigationController+GCDelegate.h */,
				61D6AEC51AB5EFCE00321DB9 /* UINavigationController+GCDelegate.m */,
				61D6AEC61AB5EFCE00321DB9 /* UIPickerView+GCDelegateAndDataSource.h */,
				61D6AEC71AB5EFCE00321DB9 /* UIPickerView+GCDelegateAndDataSource.m */,
				61D6AEC81AB5EFCE00321DB9 /* UIPopoverController+GCDelegate.h */,
				61D6AEC91AB5EFCE00321DB9 /* UIPopoverController+GCDelegate.m */,
				61D6AECA1AB5EFCE00321DB9 /* UIScrollView+GCDelegate.h */,
				61D6AECB1AB5EFCE00321DB9 /* UIScrollView+GCDelegate.m */,
				61D6AECC1AB5EFCE00321DB9 /* UISearchBar+GCDelegate.h */,
				61D6AECD1AB5EFCE00321DB9 /* UISearchBar+GCDelegate.m */,
				61D6AECE1AB5EFCE00321DB9 /* UITabBar+GCDelegate.h */,
				61D6AECF1AB5EFCE00321DB9 /* UITabBar+GCDelegate.m */,
				61D6AED01AB5EFCE00321DB9 /* UITabBarController+GCDelegate.h */,
				61D6AED11AB5EFCE00321DB9 /* UITabBarController+GCDelegate.m */,
				61D6AED21AB5EFCE00321DB9 /* UITableView+GCDelegateAndDataSource.h */,
				61D6AED31AB5EFCE00321DB9 /* UITableView+GCDelegateAndDataSource.m */,
				61D6AED41AB5EFCE00321DB9 /* UITextField+GCDelegate.h */,
				61D6AED51AB5EFCE00321DB9 /* UITextField+GCDelegate.m */,
				61D6AED61AB5EFCE00321DB9 /* UITextView+GCDelegate.h */,
				61D6AED71AB5EFCE00321DB9 /* UITextView+GCDelegate.m */,
				61D6AED81AB5EFCE00321DB9 /* UIToolbar+GCDelegate.h */,
				61D6AED91AB5EFCE00321DB9 /* UIToolbar+GCDelegate.m */,
				61D6AEDA1AB5EFCE00321DB9 /* UIWebView+GCDelegate.h */,
				61D6AEDB1AB5EFCE00321DB9 /* UIWebView+GCDelegate.m */,
			);
			path = UIKit;
			sourceTree = "<group>";
		};
		61D6AE701AB5EFCE00321DB9 /* private */ = {
			isa = PBXGroup;
			children = (
				61D6AE711AB5EFCE00321DB9 /* GCDelegateImplementationProxy */,
				61D6AE941AB5EFCE00321DB9 /* NSObject+GCProxyRegister.h */,
				61D6AE951AB5EFCE00321DB9 /* NSObject+GCProxyRegister.m */,
				61D6AE961AB5EFCE00321DB9 /* UICollectionView+GCDelegateAndDataSourceBlock.h */,
				61D6AE971AB5EFCE00321DB9 /* UICollectionView+GCDelegateAndDataSourceBlock.m */,
				61D6AE981AB5EFCE00321DB9 /* UIExtension_Private.h */,
				61D6AE991AB5EFCE00321DB9 /* UIGestureRecognizer+GCDelegateBlock.h */,
				61D6AE9A1AB5EFCE00321DB9 /* UIGestureRecognizer+GCDelegateBlock.m */,
				61D6AE9B1AB5EFCE00321DB9 /* UIImagePickerController+GCDelegateBlock.h */,
				61D6AE9C1AB5EFCE00321DB9 /* UIImagePickerController+GCDelegateBlock.m */,
				61D6AE9D1AB5EFCE00321DB9 /* UINavigationBar+GCDelegateBlock.h */,
				61D6AE9E1AB5EFCE00321DB9 /* UINavigationBar+GCDelegateBlock.m */,
				61D6AE9F1AB5EFCE00321DB9 /* UINavigationController+GCDelegateBlock.h */,
				61D6AEA01AB5EFCE00321DB9 /* UINavigationController+GCDelegateBlock.m */,
				61D6AEA11AB5EFCE00321DB9 /* UIPickerView+GCDelegateAndDataSourceBlock.h */,
				61D6AEA21AB5EFCE00321DB9 /* UIPickerView+GCDelegateAndDataSourceBlock.m */,
				61D6AEA31AB5EFCE00321DB9 /* UIPopoverController+GCDelegateBlock.h */,
				61D6AEA41AB5EFCE00321DB9 /* UIPopoverController+GCDelegateBlock.m */,
				61D6AEA51AB5EFCE00321DB9 /* UIScrollView+GCDelegateBlock.h */,
				61D6AEA61AB5EFCE00321DB9 /* UIScrollView+GCDelegateBlock.m */,
				61D6AEA71AB5EFCE00321DB9 /* UISearchBar+GCDelegateBlock.h */,
				61D6AEA81AB5EFCE00321DB9 /* UISearchBar+GCDelegateBlock.m */,
				61D6AEA91AB5EFCE00321DB9 /* UITabBar+GCDelegateBlock.h */,
				61D6AEAA1AB5EFCE00321DB9 /* UITabBar+GCDelegateBlock.m */,
				61D6AEAB1AB5EFCE00321DB9 /* UITabBarController+GCDelegateBlock.h */,
				61D6AEAC1AB5EFCE00321DB9 /* UITabBarController+GCDelegateBlock.m */,
				61D6AEAD1AB5EFCE00321DB9 /* UITableView+GCDelegateAndDataSourceBlock.h */,
				61D6AEAE1AB5EFCE00321DB9 /* UITableView+GCDelegateAndDataSourceBlock.m */,
				61D6AEAF1AB5EFCE00321DB9 /* UITextField+GCDelegateBlock.h */,
				61D6AEB01AB5EFCE00321DB9 /* UITextField+GCDelegateBlock.m */,
				61D6AEB11AB5EFCE00321DB9 /* UITextView+GCDelegateBlock.h */,
				61D6AEB21AB5EFCE00321DB9 /* UITextView+GCDelegateBlock.m */,
				61D6AEB31AB5EFCE00321DB9 /* UIToolbar+GCDelegateBlock.h */,
				61D6AEB41AB5EFCE00321DB9 /* UIToolbar+GCDelegateBlock.m */,
				61D6AEB51AB5EFCE00321DB9 /* UIWebView+GCDelegateBlock.h */,
				61D6AEB61AB5EFCE00321DB9 /* UIWebView+GCDelegateBlock.m */,
			);
			path = private;
			sourceTree = "<group>";
		};
		61D6AE711AB5EFCE00321DB9 /* GCDelegateImplementationProxy */ = {
			isa = PBXGroup;
			children = (
				61D6AE721AB5EFCE00321DB9 /* GCImplementationProxy.h */,
				61D6AE731AB5EFCE00321DB9 /* GCImplementationProxy.m */,
				61D6AE741AB5EFCE00321DB9 /* UICollectionViewDelegateAndDataSourceImplementationProxy.h */,
				61D6AE751AB5EFCE00321DB9 /* UICollectionViewDelegateAndDataSourceImplementationProxy.m */,
				61D6AE761AB5EFCE00321DB9 /* UIGestureRecognizerDelegateImplementProxy.h */,
				61D6AE771AB5EFCE00321DB9 /* UIGestureRecognizerDelegateImplementProxy.m */,
				61D6AE781AB5EFCE00321DB9 /* UIImagePickerControllerDelegateImplementationProxy.h */,
				61D6AE791AB5EFCE00321DB9 /* UIImagePickerControllerDelegateImplementationProxy.m */,
				61D6AE7A1AB5EFCE00321DB9 /* UINavigationBarDelegateImpletationProxy.h */,
				61D6AE7B1AB5EFCE00321DB9 /* UINavigationBarDelegateImpletationProxy.m */,
				61D6AE7C1AB5EFCE00321DB9 /* UINavigationControllerDelegateImplementionProxy.h */,
				61D6AE7D1AB5EFCE00321DB9 /* UINavigationControllerDelegateImplementionProxy.m */,
				61D6AE7E1AB5EFCE00321DB9 /* UIPickerViewDelegateImplementationProxy.h */,
				61D6AE7F1AB5EFCE00321DB9 /* UIPickerViewDelegateImplementationProxy.m */,
				61D6AE801AB5EFCE00321DB9 /* UIPopoverControllerImplementationProxy.h */,
				61D6AE811AB5EFCE00321DB9 /* UIPopoverControllerImplementationProxy.m */,
				61D6AE821AB5EFCE00321DB9 /* UIScrollViewDelegateImplementationProxy.h */,
				61D6AE831AB5EFCE00321DB9 /* UIScrollViewDelegateImplementationProxy.m */,
				61D6AE841AB5EFCE00321DB9 /* UISearchBarDelegateImplementationProxy.h */,
				61D6AE851AB5EFCE00321DB9 /* UISearchBarDelegateImplementationProxy.m */,
				61D6AE861AB5EFCE00321DB9 /* UITabbarControllerDelegateImplementationProxy.h */,
				61D6AE871AB5EFCE00321DB9 /* UITabbarControllerDelegateImplementationProxy.m */,
				61D6AE881AB5EFCE00321DB9 /* UITabbarDelegateImplementationProxy.h */,
				61D6AE891AB5EFCE00321DB9 /* UITabbarDelegateImplementationProxy.m */,
				61D6AE8A1AB5EFCE00321DB9 /* UITableViewDelegateAndDataSourceImplementationProxy.h */,
				61D6AE8B1AB5EFCE00321DB9 /* UITableViewDelegateAndDataSourceImplementationProxy.m */,
				61D6AE8C1AB5EFCE00321DB9 /* UITextFieldDelegateImplementationProxy.h */,
				61D6AE8D1AB5EFCE00321DB9 /* UITextFieldDelegateImplementationProxy.m */,
				61D6AE8E1AB5EFCE00321DB9 /* UITextViewDelegateImplementationProxy.h */,
				61D6AE8F1AB5EFCE00321DB9 /* UITextViewDelegateImplementationProxy.m */,
				61D6AE901AB5EFCE00321DB9 /* UIToolbarDelegateImplementationProxy.h */,
				61D6AE911AB5EFCE00321DB9 /* UIToolbarDelegateImplementationProxy.m */,
				61D6AE921AB5EFCE00321DB9 /* UIWebViewDelegateImplementationProxy.h */,
				61D6AE931AB5EFCE00321DB9 /* UIWebViewDelegateImplementationProxy.m */,
			);
			path = GCDelegateImplementationProxy;
			sourceTree = "<group>";
		};
/* End PBXGroup section */

/* Begin PBXNativeTarget section */
		61C11E4E19EEB896000DD155 /* TargetActionDemo */ = {
			isa = PBXNativeTarget;
			buildConfigurationList = 61C11E7219EEB896000DD155 /* Build configuration list for PBXNativeTarget "TargetActionDemo" */;
			buildPhases = (
				61C11E4B19EEB896000DD155 /* Sources */,
				61C11E4C19EEB896000DD155 /* Frameworks */,
				61C11E4D19EEB896000DD155 /* Resources */,
			);
			buildRules = (
			);
			dependencies = (
			);
			name = TargetActionDemo;
			productName = TargetActionDemo;
			productReference = 61C11E4F19EEB896000DD155 /* TargetActionDemo.app */;
			productType = "com.apple.product-type.application";
		};
		61C11E6719EEB896000DD155 /* TargetActionDemoTests */ = {
			isa = PBXNativeTarget;
			buildConfigurationList = 61C11E7519EEB896000DD155 /* Build configuration list for PBXNativeTarget "TargetActionDemoTests" */;
			buildPhases = (
				61C11E6419EEB896000DD155 /* Sources */,
				61C11E6519EEB896000DD155 /* Frameworks */,
				61C11E6619EEB896000DD155 /* Resources */,
			);
			buildRules = (
			);
			dependencies = (
				61C11E6A19EEB896000DD155 /* PBXTargetDependency */,
			);
			name = TargetActionDemoTests;
			productName = TargetActionDemoTests;
			productReference = 61C11E6819EEB896000DD155 /* TargetActionDemoTests.xctest */;
			productType = "com.apple.product-type.bundle.unit-test";
		};
/* End PBXNativeTarget section */

/* Begin PBXProject section */
		61C11E4719EEB896000DD155 /* Project object */ = {
			isa = PBXProject;
			attributes = {
				LastUpgradeCheck = 0600;
				ORGANIZATIONNAME = njgarychow;
				TargetAttributes = {
					61C11E4E19EEB896000DD155 = {
						CreatedOnToolsVersion = 6.0.1;
					};
					61C11E6719EEB896000DD155 = {
						CreatedOnToolsVersion = 6.0.1;
						TestTargetID = 61C11E4E19EEB896000DD155;
					};
				};
			};
			buildConfigurationList = 61C11E4A19EEB896000DD155 /* Build configuration list for PBXProject "TargetActionDemo" */;
			compatibilityVersion = "Xcode 3.2";
			developmentRegion = English;
			hasScannedForEncodings = 0;
			knownRegions = (
				en,
				Base,
			);
			mainGroup = 61C11E4619EEB896000DD155;
			productRefGroup = 61C11E5019EEB896000DD155 /* Products */;
			projectDirPath = "";
			projectRoot = "";
			targets = (
				61C11E4E19EEB896000DD155 /* TargetActionDemo */,
				61C11E6719EEB896000DD155 /* TargetActionDemoTests */,
			);
		};
/* End PBXProject section */

/* Begin PBXResourcesBuildPhase section */
		61C11E4D19EEB896000DD155 /* Resources */ = {
			isa = PBXResourcesBuildPhase;
			buildActionMask = 2147483647;
			files = (
				61C11E5E19EEB896000DD155 /* Main.storyboard in Resources */,
				61C11E6319EEB896000DD155 /* LaunchScreen.xib in Resources */,
				61C11E6019EEB896000DD155 /* Images.xcassets in Resources */,
			);
			runOnlyForDeploymentPostprocessing = 0;
		};
		61C11E6619EEB896000DD155 /* Resources */ = {
			isa = PBXResourcesBuildPhase;
			buildActionMask = 2147483647;
			files = (
			);
			runOnlyForDeploymentPostprocessing = 0;
		};
/* End PBXResourcesBuildPhase section */

/* Begin PBXSourcesBuildPhase section */
		61C11E4B19EEB896000DD155 /* Sources */ = {
			isa = PBXSourcesBuildPhase;
			buildActionMask = 2147483647;
			files = (
				61D6AEF61AB5EFCE00321DB9 /* UIImagePickerController+GCDelegateBlock.m in Sources */,
				61D6AF061AB5EFCE00321DB9 /* UIGestureRecognizer+GCAction.m in Sources */,
				61D6AEE01AB5EFCE00321DB9 /* NSObject+GCNotificationObserver.m in Sources */,
				61D6AEED1AB5EFCE00321DB9 /* UITabbarDelegateImplementationProxy.m in Sources */,
				61D6AEDE1AB5EFCE00321DB9 /* NSObject+GCAOP.m in Sources */,
				61D6AEFE1AB5EFCE00321DB9 /* UITabBarController+GCDelegateBlock.m in Sources */,
				61D6AF0D1AB5EFCE00321DB9 /* UIScrollView+GCDelegate.m in Sources */,
				61D6AEE51AB5EFCE00321DB9 /* UIImagePickerControllerDelegateImplementationProxy.m in Sources */,
				61D6AF0E1AB5EFCE00321DB9 /* UISearchBar+GCDelegate.m in Sources */,
				61C11E5B19EEB896000DD155 /* ViewController.m in Sources */,
				61D6AF031AB5EFCE00321DB9 /* UIWebView+GCDelegateBlock.m in Sources */,
				61D6AEF51AB5EFCE00321DB9 /* UIGestureRecognizer+GCDelegateBlock.m in Sources */,
				61D6AEEF1AB5EFCE00321DB9 /* UITextFieldDelegateImplementationProxy.m in Sources */,
				61D6AEF11AB5EFCE00321DB9 /* UIToolbarDelegateImplementationProxy.m in Sources */,
				61D6AF001AB5EFCE00321DB9 /* UITextField+GCDelegateBlock.m in Sources */,
				61D6AEE61AB5EFCE00321DB9 /* UINavigationBarDelegateImpletationProxy.m in Sources */,
				61D6AF111AB5EFCE00321DB9 /* UITableView+GCDelegateAndDataSource.m in Sources */,
				61D6AEF71AB5EFCE00321DB9 /* UINavigationBar+GCDelegateBlock.m in Sources */,
				61D6AF011AB5EFCE00321DB9 /* UITextView+GCDelegateBlock.m in Sources */,
				61D6AF0F1AB5EFCE00321DB9 /* UITabBar+GCDelegate.m in Sources */,
				61D6AF091AB5EFCE00321DB9 /* UINavigationBar+GCDelegate.m in Sources */,
				61D6AEDD1AB5EFCE00321DB9 /* NSObject+GCAccessor.m in Sources */,
				61D6AF041AB5EFCE00321DB9 /* UICollectionView+GCDelegateAndDataSource.m in Sources */,
				61D6AF081AB5EFCE00321DB9 /* UIImagePickerController+GCDelegate.m in Sources */,
				61D6AEFC1AB5EFCE00321DB9 /* UISearchBar+GCDelegateBlock.m in Sources */,
				61C11E5819EEB896000DD155 /* AppDelegate.m in Sources */,
				61D6AEDF1AB5EFCE00321DB9 /* NSObject+GCKVO.m in Sources */,
				61D6AEE71AB5EFCE00321DB9 /* UINavigationControllerDelegateImplementionProxy.m in Sources */,
				61D6AF121AB5EFCE00321DB9 /* UITextField+GCDelegate.m in Sources */,
				61D6AEF91AB5EFCE00321DB9 /* UIPickerView+GCDelegateAndDataSourceBlock.m in Sources */,
				61D6AEF01AB5EFCE00321DB9 /* UITextViewDelegateImplementationProxy.m in Sources */,
				61D6AEF81AB5EFCE00321DB9 /* UINavigationController+GCDelegateBlock.m in Sources */,
				61D6AF151AB5EFCE00321DB9 /* UIWebView+GCDelegate.m in Sources */,
				61D6AF051AB5EFCE00321DB9 /* UIControl+GCEvent.m in Sources */,
				61D6AF0C1AB5EFCE00321DB9 /* UIPopoverController+GCDelegate.m in Sources */,
				61D6AF0A1AB5EFCE00321DB9 /* UINavigationController+GCDelegate.m in Sources */,
				61D6AEF31AB5EFCE00321DB9 /* NSObject+GCProxyRegister.m in Sources */,
				61D6AF131AB5EFCE00321DB9 /* UITextView+GCDelegate.m in Sources */,
				61D6AEE31AB5EFCE00321DB9 /* UICollectionViewDelegateAndDataSourceImplementationProxy.m in Sources */,
				61D6AF021AB5EFCE00321DB9 /* UIToolbar+GCDelegateBlock.m in Sources */,
				61D6AEE41AB5EFCE00321DB9 /* UIGestureRecognizerDelegateImplementProxy.m in Sources */,
				61D6AEF41AB5EFCE00321DB9 /* UICollectionView+GCDelegateAndDataSourceBlock.m in Sources */,
				61C11E5519EEB896000DD155 /* main.m in Sources */,
				61D6AEDC1AB5EFCE00321DB9 /* GCAOPProxy.m in Sources */,
				61D6AF101AB5EFCE00321DB9 /* UITabBarController+GCDelegate.m in Sources */,
				61D6AEE21AB5EFCE00321DB9 /* GCImplementationProxy.m in Sources */,
				61D6AEE81AB5EFCE00321DB9 /* UIPickerViewDelegateImplementationProxy.m in Sources */,
				61D6AF141AB5EFCE00321DB9 /* UIToolbar+GCDelegate.m in Sources */,
				61D6AEFF1AB5EFCE00321DB9 /* UITableView+GCDelegateAndDataSourceBlock.m in Sources */,
				61D6AEEB1AB5EFCE00321DB9 /* UISearchBarDelegateImplementationProxy.m in Sources */,
				61D6AEFB1AB5EFCE00321DB9 /* UIScrollView+GCDelegateBlock.m in Sources */,
				61D6AEE91AB5EFCE00321DB9 /* UIPopoverControllerImplementationProxy.m in Sources */,
				61D6AEFD1AB5EFCE00321DB9 /* UITabBar+GCDelegateBlock.m in Sources */,
				61D6AEEE1AB5EFCE00321DB9 /* UITableViewDelegateAndDataSourceImplementationProxy.m in Sources */,
				61D6AEE11AB5EFCE00321DB9 /* NSTimer+GCBlock.m in Sources */,
				61D6AEEA1AB5EFCE00321DB9 /* UIScrollViewDelegateImplementationProxy.m in Sources */,
				61D6AEEC1AB5EFCE00321DB9 /* UITabbarControllerDelegateImplementationProxy.m in Sources */,
				61D6AF071AB5EFCE00321DB9 /* UIGestureRecognizer+GCDelegate.m in Sources */,
				61D6AEFA1AB5EFCE00321DB9 /* UIPopoverController+GCDelegateBlock.m in Sources */,
				61D6AEF21AB5EFCE00321DB9 /* UIWebViewDelegateImplementationProxy.m in Sources */,
				61D6AF0B1AB5EFCE00321DB9 /* UIPickerView+GCDelegateAndDataSource.m in Sources */,
			);
			runOnlyForDeploymentPostprocessing = 0;
		};
		61C11E6419EEB896000DD155 /* Sources */ = {
			isa = PBXSourcesBuildPhase;
			buildActionMask = 2147483647;
			files = (
				61C11E6F19EEB896000DD155 /* TargetActionDemoTests.m in Sources */,
			);
			runOnlyForDeploymentPostprocessing = 0;
		};
/* End PBXSourcesBuildPhase section */

/* Begin PBXTargetDependency section */
		61C11E6A19EEB896000DD155 /* PBXTargetDependency */ = {
			isa = PBXTargetDependency;
			target = 61C11E4E19EEB896000DD155 /* TargetActionDemo */;
			targetProxy = 61C11E6919EEB896000DD155 /* PBXContainerItemProxy */;
		};
/* End PBXTargetDependency section */

/* Begin PBXVariantGroup section */
		61C11E5C19EEB896000DD155 /* Main.storyboard */ = {
			isa = PBXVariantGroup;
			children = (
				61C11E5D19EEB896000DD155 /* Base */,
			);
			name = Main.storyboard;
			sourceTree = "<group>";
		};
		61C11E6119EEB896000DD155 /* LaunchScreen.xib */ = {
			isa = PBXVariantGroup;
			children = (
				61C11E6219EEB896000DD155 /* Base */,
			);
			name = LaunchScreen.xib;
			sourceTree = "<group>";
		};
/* End PBXVariantGroup section */

/* Begin XCBuildConfiguration section */
		61C11E7019EEB896000DD155 /* Debug */ = {
			isa = XCBuildConfiguration;
			buildSettings = {
				ALWAYS_SEARCH_USER_PATHS = NO;
				CLANG_CXX_LANGUAGE_STANDARD = "gnu++0x";
				CLANG_CXX_LIBRARY = "libc++";
				CLANG_ENABLE_MODULES = YES;
				CLANG_ENABLE_OBJC_ARC = YES;
				CLANG_WARN_BOOL_CONVERSION = YES;
				CLANG_WARN_CONSTANT_CONVERSION = YES;
				CLANG_WARN_DIRECT_OBJC_ISA_USAGE = YES_ERROR;
				CLANG_WARN_EMPTY_BODY = YES;
				CLANG_WARN_ENUM_CONVERSION = YES;
				CLANG_WARN_INT_CONVERSION = YES;
				CLANG_WARN_OBJC_ROOT_CLASS = YES_ERROR;
				CLANG_WARN_UNREACHABLE_CODE = YES;
				CLANG_WARN__DUPLICATE_METHOD_MATCH = YES;
				"CODE_SIGN_IDENTITY[sdk=iphoneos*]" = "iPhone Developer";
				COPY_PHASE_STRIP = NO;
				ENABLE_STRICT_OBJC_MSGSEND = YES;
				GCC_C_LANGUAGE_STANDARD = gnu99;
				GCC_DYNAMIC_NO_PIC = NO;
				GCC_OPTIMIZATION_LEVEL = 0;
				GCC_PREPROCESSOR_DEFINITIONS = (
					"DEBUG=1",
					"$(inherited)",
				);
				GCC_SYMBOLS_PRIVATE_EXTERN = NO;
				GCC_WARN_64_TO_32_BIT_CONVERSION = YES;
				GCC_WARN_ABOUT_RETURN_TYPE = YES_ERROR;
				GCC_WARN_UNDECLARED_SELECTOR = YES;
				GCC_WARN_UNINITIALIZED_AUTOS = YES_AGGRESSIVE;
				GCC_WARN_UNUSED_FUNCTION = YES;
				GCC_WARN_UNUSED_VARIABLE = YES;
				IPHONEOS_DEPLOYMENT_TARGET = 8.0;
				MTL_ENABLE_DEBUG_INFO = YES;
				ONLY_ACTIVE_ARCH = YES;
				SDKROOT = iphoneos;
			};
			name = Debug;
		};
		61C11E7119EEB896000DD155 /* Release */ = {
			isa = XCBuildConfiguration;
			buildSettings = {
				ALWAYS_SEARCH_USER_PATHS = NO;
				CLANG_CXX_LANGUAGE_STANDARD = "gnu++0x";
				CLANG_CXX_LIBRARY = "libc++";
				CLANG_ENABLE_MODULES = YES;
				CLANG_ENABLE_OBJC_ARC = YES;
				CLANG_WARN_BOOL_CONVERSION = YES;
				CLANG_WARN_CONSTANT_CONVERSION = YES;
				CLANG_WARN_DIRECT_OBJC_ISA_USAGE = YES_ERROR;
				CLANG_WARN_EMPTY_BODY = YES;
				CLANG_WARN_ENUM_CONVERSION = YES;
				CLANG_WARN_INT_CONVERSION = YES;
				CLANG_WARN_OBJC_ROOT_CLASS = YES_ERROR;
				CLANG_WARN_UNREACHABLE_CODE = YES;
				CLANG_WARN__DUPLICATE_METHOD_MATCH = YES;
				"CODE_SIGN_IDENTITY[sdk=iphoneos*]" = "iPhone Developer";
				COPY_PHASE_STRIP = YES;
				ENABLE_NS_ASSERTIONS = NO;
				ENABLE_STRICT_OBJC_MSGSEND = YES;
				GCC_C_LANGUAGE_STANDARD = gnu99;
				GCC_WARN_64_TO_32_BIT_CONVERSION = YES;
				GCC_WARN_ABOUT_RETURN_TYPE = YES_ERROR;
				GCC_WARN_UNDECLARED_SELECTOR = YES;
				GCC_WARN_UNINITIALIZED_AUTOS = YES_AGGRESSIVE;
				GCC_WARN_UNUSED_FUNCTION = YES;
				GCC_WARN_UNUSED_VARIABLE = YES;
				IPHONEOS_DEPLOYMENT_TARGET = 8.0;
				MTL_ENABLE_DEBUG_INFO = NO;
				SDKROOT = iphoneos;
				VALIDATE_PRODUCT = YES;
			};
			name = Release;
		};
		61C11E7319EEB896000DD155 /* Debug */ = {
			isa = XCBuildConfiguration;
			buildSettings = {
				ASSETCATALOG_COMPILER_APPICON_NAME = AppIcon;
				INFOPLIST_FILE = TargetActionDemo/Info.plist;
				LD_RUNPATH_SEARCH_PATHS = "$(inherited) @executable_path/Frameworks";
				PRODUCT_NAME = "$(TARGET_NAME)";
			};
			name = Debug;
		};
		61C11E7419EEB896000DD155 /* Release */ = {
			isa = XCBuildConfiguration;
			buildSettings = {
				ASSETCATALOG_COMPILER_APPICON_NAME = AppIcon;
				INFOPLIST_FILE = TargetActionDemo/Info.plist;
				LD_RUNPATH_SEARCH_PATHS = "$(inherited) @executable_path/Frameworks";
				PRODUCT_NAME = "$(TARGET_NAME)";
			};
			name = Release;
		};
		61C11E7619EEB896000DD155 /* Debug */ = {
			isa = XCBuildConfiguration;
			buildSettings = {
				BUNDLE_LOADER = "$(TEST_HOST)";
				FRAMEWORK_SEARCH_PATHS = (
					"$(SDKROOT)/Developer/Library/Frameworks",
					"$(inherited)",
				);
				GCC_PREPROCESSOR_DEFINITIONS = (
					"DEBUG=1",
					"$(inherited)",
				);
				INFOPLIST_FILE = TargetActionDemoTests/Info.plist;
				LD_RUNPATH_SEARCH_PATHS = "$(inherited) @executable_path/Frameworks @loader_path/Frameworks";
				PRODUCT_NAME = "$(TARGET_NAME)";
				TEST_HOST = "$(BUILT_PRODUCTS_DIR)/TargetActionDemo.app/TargetActionDemo";
			};
			name = Debug;
		};
		61C11E7719EEB896000DD155 /* Release */ = {
			isa = XCBuildConfiguration;
			buildSettings = {
				BUNDLE_LOADER = "$(TEST_HOST)";
				FRAMEWORK_SEARCH_PATHS = (
					"$(SDKROOT)/Developer/Library/Frameworks",
					"$(inherited)",
				);
				INFOPLIST_FILE = TargetActionDemoTests/Info.plist;
				LD_RUNPATH_SEARCH_PATHS = "$(inherited) @executable_path/Frameworks @loader_path/Frameworks";
				PRODUCT_NAME = "$(TARGET_NAME)";
				TEST_HOST = "$(BUILT_PRODUCTS_DIR)/TargetActionDemo.app/TargetActionDemo";
			};
			name = Release;
		};
/* End XCBuildConfiguration section */

/* Begin XCConfigurationList section */
		61C11E4A19EEB896000DD155 /* Build configuration list for PBXProject "TargetActionDemo" */ = {
			isa = XCConfigurationList;
			buildConfigurations = (
				61C11E7019EEB896000DD155 /* Debug */,
				61C11E7119EEB896000DD155 /* Release */,
			);
			defaultConfigurationIsVisible = 0;
			defaultConfigurationName = Release;
		};
		61C11E7219EEB896000DD155 /* Build configuration list for PBXNativeTarget "TargetActionDemo" */ = {
			isa = XCConfigurationList;
			buildConfigurations = (
				61C11E7319EEB896000DD155 /* Debug */,
				61C11E7419EEB896000DD155 /* Release */,
			);
			defaultConfigurationIsVisible = 0;
			defaultConfigurationName = Release;
		};
		61C11E7519EEB896000DD155 /* Build configuration list for PBXNativeTarget "TargetActionDemoTests" */ = {
			isa = XCConfigurationList;
			buildConfigurations = (
				61C11E7619EEB896000DD155 /* Debug */,
				61C11E7719EEB896000DD155 /* Release */,
			);
			defaultConfigurationIsVisible = 0;
			defaultConfigurationName = Release;
		};
/* End XCConfigurationList section */
	};
	rootObject = 61C11E4719EEB896000DD155 /* Project object */;
}
